{
	"name": "@polymer/esm-amd-loader",
	"version": "1.0.0",
	"lockfileVersion": 1,
	"requires": true,
	"dependencies": {
		"@babel/code-frame": {
			"version": "7.0.0-beta.47",
			"resolved": "https://registry.npmjs.org/@babel/code-frame/-/code-frame-7.0.0-beta.47.tgz",
			"integrity": "sha512-W7IeG4MoVf4oUvWfHUx9VG9if3E0xSUDf1urrnNYtC2ow1dz2ptvQ6YsJfyVXDuPTFXz66jkHhzMW7a5Eld7TA==",
			"dev": true,
			"requires": {
				"@babel/highlight": "7.0.0-beta.47"
			}
		},
		"@babel/core": {
			"version": "7.0.0-beta.47",
			"resolved": "https://registry.npmjs.org/@babel/core/-/core-7.0.0-beta.47.tgz",
			"integrity": "sha512-7EIuAX0UVnCgZ0E9tz9rFK0gd+aovwMA9bul+dnkmBQYLrJdas2EHMUSmaK67i1cyZpvgVvXhHtXJxC7wo3rlQ==",
			"dev": true,
			"requires": {
				"@babel/code-frame": "7.0.0-beta.47",
				"@babel/generator": "7.0.0-beta.47",
				"@babel/helpers": "7.0.0-beta.47",
				"@babel/template": "7.0.0-beta.47",
				"@babel/traverse": "7.0.0-beta.47",
				"@babel/types": "7.0.0-beta.47",
				"babylon": "7.0.0-beta.47",
				"convert-source-map": "1.5.1",
				"debug": "3.1.0",
				"json5": "0.5.1",
				"lodash": "4.17.10",
				"micromatch": "2.3.11",
				"resolve": "1.7.1",
				"semver": "5.5.0",
				"source-map": "0.5.7"
			}
		},
		"@babel/generator": {
			"version": "7.0.0-beta.47",
			"resolved": "https://registry.npmjs.org/@babel/generator/-/generator-7.0.0-beta.47.tgz",
			"integrity": "sha512-fJP+9X+gqgTTZzTqrKJHwebPwt6S/e/4YuyRyKyWHAIirGgUwjRoZgbFci24wwGYMJW7nlkCSwWG7QvCVsG0eg==",
			"dev": true,
			"requires": {
				"@babel/types": "7.0.0-beta.47",
				"jsesc": "2.5.1",
				"lodash": "4.17.10",
				"source-map": "0.5.7",
				"trim-right": "1.0.1"
			}
		},
		"@babel/helper-function-name": {
			"version": "7.0.0-beta.47",
			"resolved": "https://registry.npmjs.org/@babel/helper-function-name/-/helper-function-name-7.0.0-beta.47.tgz",
			"integrity": "sha512-0LSvt95XCYaOrDA5K68KkTyldKXizDwBnKACdYzQszp1GdbtzmSeGwFU5Ecw86fU6bkYXtDvkFTOQwk/WQSJPw==",
			"dev": true,
			"requires": {
				"@babel/helper-get-function-arity": "7.0.0-beta.47",
				"@babel/template": "7.0.0-beta.47",
				"@babel/types": "7.0.0-beta.47"
			}
		},
		"@babel/helper-get-function-arity": {
			"version": "7.0.0-beta.47",
			"resolved": "https://registry.npmjs.org/@babel/helper-get-function-arity/-/helper-get-function-arity-7.0.0-beta.47.tgz",
			"integrity": "sha512-63j0i3YUW8CO//uQc3ACffJdIlYcIlysuHjMF0yzQhqKoQ/CUPv0hf3nBwdRGjiWrr3JcL6++NF4XmXdwSU+fA==",
			"dev": true,
			"requires": {
				"@babel/types": "7.0.0-beta.47"
			}
		},
		"@babel/helper-split-export-declaration": {
			"version": "7.0.0-beta.47",
			"resolved": "https://registry.npmjs.org/@babel/helper-split-export-declaration/-/helper-split-export-declaration-7.0.0-beta.47.tgz",
			"integrity": "sha512-jx8GmxryT6Qy4+24W6M6TnVL9T8bxqdyg5UKHjxBdw0Y2Sano1n0WphUS2seuOugn04W2ZQLqGc0ut8nGe/taA==",
			"dev": true,
			"requires": {
				"@babel/types": "7.0.0-beta.47"
			}
		},
		"@babel/helpers": {
			"version": "7.0.0-beta.47",
			"resolved": "https://registry.npmjs.org/@babel/helpers/-/helpers-7.0.0-beta.47.tgz",
			"integrity": "sha512-uWk7gIua2COEWLwZGxfF5Wq1bgXOt1V6xzWxqeFznrA6F1TUPiAhkK5zORiZEa5RAILp6Mswsn3xFjDyCpp3rQ==",
			"dev": true,
			"requires": {
				"@babel/template": "7.0.0-beta.47",
				"@babel/traverse": "7.0.0-beta.47",
				"@babel/types": "7.0.0-beta.47"
			}
		},
		"@babel/highlight": {
			"version": "7.0.0-beta.47",
			"resolved": "https://registry.npmjs.org/@babel/highlight/-/highlight-7.0.0-beta.47.tgz",
			"integrity": "sha512-d505K3Hth1eg0b2swfEF7oFMw3J9M8ceFg0s6dhCSxOOF+07WDvJ0HKT/YbK/Jk9wn8Wyr6HIRAUPKJ9Wfv8Rg==",
			"dev": true,
			"requires": {
				"chalk": "2.4.1",
				"esutils": "2.0.2",
				"js-tokens": "3.0.2"
			}
		},
		"@babel/template": {
			"version": "7.0.0-beta.47",
			"resolved": "https://registry.npmjs.org/@babel/template/-/template-7.0.0-beta.47.tgz",
			"integrity": "sha512-mAzrOCLwOb4jAobHi0kTwIkoamP1Do28c6zxvrDXjYSJFZHz6KGuzMaT0AV7ZCq7M3si7QypVVMVX2bE6IsuOg==",
			"dev": true,
			"requires": {
				"@babel/code-frame": "7.0.0-beta.47",
				"@babel/types": "7.0.0-beta.47",
				"babylon": "7.0.0-beta.47",
				"lodash": "4.17.10"
			}
		},
		"@babel/traverse": {
			"version": "7.0.0-beta.47",
			"resolved": "https://registry.npmjs.org/@babel/traverse/-/traverse-7.0.0-beta.47.tgz",
			"integrity": "sha512-kYGGs//OnUnei+9TTldxlgf7llprj7VUeDKtG50+g+0k1g0yZyrkEgbyFheYFdnudR8IDEHOEXVsUuY82r5Aiw==",
			"dev": true,
			"requires": {
				"@babel/code-frame": "7.0.0-beta.47",
				"@babel/generator": "7.0.0-beta.47",
				"@babel/helper-function-name": "7.0.0-beta.47",
				"@babel/helper-split-export-declaration": "7.0.0-beta.47",
				"@babel/types": "7.0.0-beta.47",
				"babylon": "7.0.0-beta.47",
				"debug": "3.1.0",
				"globals": "11.5.0",
				"invariant": "2.2.4",
				"lodash": "4.17.10"
			}
		},
		"@babel/types": {
			"version": "7.0.0-beta.47",
			"resolved": "https://registry.npmjs.org/@babel/types/-/types-7.0.0-beta.47.tgz",
			"integrity": "sha512-MOP5pOosg7JETrVGg8OQyzmUmbyoSopT5j2HlblHsto89mPz3cmxzn1IA4UNUmnWKgeticSwfhS+Gdy25IIlBQ==",
			"dev": true,
			"requires": {
				"esutils": "2.0.2",
				"lodash": "4.17.10",
				"to-fast-properties": "2.0.0"
			}
		},
		"ansi-styles": {
			"version": "3.2.1",
			"resolved": "https://registry.npmjs.org/ansi-styles/-/ansi-styles-3.2.1.tgz",
			"integrity": "sha512-VT0ZI6kZRdTh8YyJw3SMbYm/u+NqfsAxEpWO0Pf9sq8/e94WxxOpPKx9FR1FlyCtOVDNOQ+8ntlqFxiRc+r5qA==",
			"dev": true,
			"requires": {
				"color-convert": "1.9.1"
			}
		},
		"arr-diff": {
			"version": "2.0.0",
			"resolved": "https://registry.npmjs.org/arr-diff/-/arr-diff-2.0.0.tgz",
			"integrity": "sha1-jzuCf5Vai9ZpaX5KQlasPOrjVs8=",
			"dev": true,
			"requires": {
				"arr-flatten": "1.1.0"
			}
		},
		"arr-flatten": {
			"version": "1.1.0",
			"resolved": "https://registry.npmjs.org/arr-flatten/-/arr-flatten-1.1.0.tgz",
			"integrity": "sha512-L3hKV5R/p5o81R7O02IGnwpDmkp6E982XhtbuwSe3O4qOtMMMtodicASA1Cny2U+aCXcNpml+m4dPsvsJ3jatg==",
			"dev": true
		},
		"array-unique": {
			"version": "0.2.1",
			"resolved": "https://registry.npmjs.org/array-unique/-/array-unique-0.2.1.tgz",
			"integrity": "sha1-odl8yvy8JiXMcPrc6zalDFiwGlM=",
			"dev": true
		},
		"async": {
			"version": "1.5.2",
			"resolved": "https://registry.npmjs.org/async/-/async-1.5.2.tgz",
			"integrity": "sha1-7GphrlZIDAw8skHJVhjiCJL5Zyo=",
			"dev": true
		},
		"babel-helper-evaluate-path": {
			"version": "0.4.3",
			"resolved": "https://registry.npmjs.org/babel-helper-evaluate-path/-/babel-helper-evaluate-path-0.4.3.tgz",
			"integrity": "sha1-ComvcCwGshcCf6NxkI3UmJ0+Yz8=",
			"dev": true
		},
		"babel-helper-flip-expressions": {
			"version": "0.4.3",
			"resolved": "https://registry.npmjs.org/babel-helper-flip-expressions/-/babel-helper-flip-expressions-0.4.3.tgz",
			"integrity": "sha1-NpZzahKKwYvCUlS19AoizrPB0/0=",
			"dev": true
		},
		"babel-helper-is-nodes-equiv": {
			"version": "0.0.1",
			"resolved": "https://registry.npmjs.org/babel-helper-is-nodes-equiv/-/babel-helper-is-nodes-equiv-0.0.1.tgz",
			"integrity": "sha1-NOmzALFHnd2Y7HfqC76TQt/jloQ=",
			"dev": true
		},
		"babel-helper-is-void-0": {
			"version": "0.4.3",
			"resolved": "https://registry.npmjs.org/babel-helper-is-void-0/-/babel-helper-is-void-0-0.4.3.tgz",
			"integrity": "sha1-fZwBtFYee5Xb2g9u7kj1tg5nMT4=",
			"dev": true
		},
		"babel-helper-mark-eval-scopes": {
			"version": "0.4.3",
			"resolved": "https://registry.npmjs.org/babel-helper-mark-eval-scopes/-/babel-helper-mark-eval-scopes-0.4.3.tgz",
			"integrity": "sha1-0kSjvvmESHJgP/tG4izorN9VFWI=",
			"dev": true
		},
		"babel-helper-remove-or-void": {
			"version": "0.4.3",
			"resolved": "https://registry.npmjs.org/babel-helper-remove-or-void/-/babel-helper-remove-or-void-0.4.3.tgz",
			"integrity": "sha1-pPA7QAd6D/6I5F0HAQ3uJB/1rmA=",
			"dev": true
		},
		"babel-helper-to-multiple-sequence-expressions": {
			"version": "0.4.3",
			"resolved": "https://registry.npmjs.org/babel-helper-to-multiple-sequence-expressions/-/babel-helper-to-multiple-sequence-expressions-0.4.3.tgz",
			"integrity": "sha1-W1GLESf0ezA4dzOGoVYaK0jmMrY=",
			"dev": true
		},
		"babel-minify": {
			"version": "0.4.3",
			"resolved": "https://registry.npmjs.org/babel-minify/-/babel-minify-0.4.3.tgz",
			"integrity": "sha1-2Ufk7WtibcjCVofyQsJcvPbygaY=",
			"dev": true,
			"requires": {
				"@babel/core": "7.0.0-beta.47",
				"babel-preset-minify": "0.4.3",
				"fs-readdir-recursive": "1.1.0",
				"mkdirp": "0.5.1",
				"util.promisify": "1.0.0",
				"yargs-parser": "10.0.0"
			}
		},
		"babel-plugin-minify-builtins": {
			"version": "0.4.3",
			"resolved": "https://registry.npmjs.org/babel-plugin-minify-builtins/-/babel-plugin-minify-builtins-0.4.3.tgz",
			"integrity": "sha1-nqPVn0rEp7uVjXEtKVVqH4b3+B4=",
			"dev": true,
			"requires": {
				"babel-helper-evaluate-path": "0.4.3"
			}
		},
		"babel-plugin-minify-constant-folding": {
			"version": "0.4.3",
			"resolved": "https://registry.npmjs.org/babel-plugin-minify-constant-folding/-/babel-plugin-minify-constant-folding-0.4.3.tgz",
			"integrity": "sha1-MA+d6N2ghEoXaxk2U5YOJK0z4ZE=",
			"dev": true,
			"requires": {
				"babel-helper-evaluate-path": "0.4.3"
			}
		},
		"babel-plugin-minify-dead-code-elimination": {
			"version": "0.4.3",
			"resolved": "https://registry.npmjs.org/babel-plugin-minify-dead-code-elimination/-/babel-plugin-minify-dead-code-elimination-0.4.3.tgz",
			"integrity": "sha1-c2KCZYZPkAjQAnUG9Yq+s8HQLZg=",
			"dev": true,
			"requires": {
				"babel-helper-evaluate-path": "0.4.3",
				"babel-helper-mark-eval-scopes": "0.4.3",
				"babel-helper-remove-or-void": "0.4.3",
				"lodash.some": "4.6.0"
			}
		},
		"babel-plugin-minify-flip-comparisons": {
			"version": "0.4.3",
			"resolved": "https://registry.npmjs.org/babel-plugin-minify-flip-comparisons/-/babel-plugin-minify-flip-comparisons-0.4.3.tgz",
			"integrity": "sha1-AMqHDLjxO0XAOLPB68DyJyk8llo=",
			"dev": true,
			"requires": {
				"babel-helper-is-void-0": "0.4.3"
			}
		},
		"babel-plugin-minify-guarded-expressions": {
			"version": "0.4.3",
			"resolved": "https://registry.npmjs.org/babel-plugin-minify-guarded-expressions/-/babel-plugin-minify-guarded-expressions-0.4.3.tgz",
			"integrity": "sha1-zHCbRFP9IbHzAod0RMifiEJ845c=",
			"dev": true,
			"requires": {
				"babel-helper-flip-expressions": "0.4.3"
			}
		},
		"babel-plugin-minify-infinity": {
			"version": "0.4.3",
			"resolved": "https://registry.npmjs.org/babel-plugin-minify-infinity/-/babel-plugin-minify-infinity-0.4.3.tgz",
			"integrity": "sha1-37h2obCKBldjhO8/kuZTumB7Oco=",
			"dev": true
		},
		"babel-plugin-minify-mangle-names": {
			"version": "0.4.3",
			"resolved": "https://registry.npmjs.org/babel-plugin-minify-mangle-names/-/babel-plugin-minify-mangle-names-0.4.3.tgz",
			"integrity": "sha1-FvG/90t6fJPfwkHngx3V+0sCPvc=",
			"dev": true,
			"requires": {
				"babel-helper-mark-eval-scopes": "0.4.3"
			}
		},
		"babel-plugin-minify-numeric-literals": {
			"version": "0.4.3",
			"resolved": "https://registry.npmjs.org/babel-plugin-minify-numeric-literals/-/babel-plugin-minify-numeric-literals-0.4.3.tgz",
			"integrity": "sha1-jk/VYcefeAEob/YOjF/Z3u6TwLw=",
			"dev": true
		},
		"babel-plugin-minify-replace": {
			"version": "0.4.3",
			"resolved": "https://registry.npmjs.org/babel-plugin-minify-replace/-/babel-plugin-minify-replace-0.4.3.tgz",
			"integrity": "sha1-nSifS6FdTmAR6HmfpfG6d+yBIZ0=",
			"dev": true
		},
		"babel-plugin-minify-simplify": {
			"version": "0.4.3",
			"resolved": "https://registry.npmjs.org/babel-plugin-minify-simplify/-/babel-plugin-minify-simplify-0.4.3.tgz",
			"integrity": "sha1-N3VthcYURktLCSfytOQXGR1Vc4o=",
			"dev": true,
			"requires": {
				"babel-helper-flip-expressions": "0.4.3",
				"babel-helper-is-nodes-equiv": "0.0.1",
				"babel-helper-to-multiple-sequence-expressions": "0.4.3"
			}
		},
		"babel-plugin-minify-type-constructors": {
			"version": "0.4.3",
			"resolved": "https://registry.npmjs.org/babel-plugin-minify-type-constructors/-/babel-plugin-minify-type-constructors-0.4.3.tgz",
			"integrity": "sha1-G8bxW4f3qxCF1CszC3F2V6IVZQA=",
			"dev": true,
			"requires": {
				"babel-helper-is-void-0": "0.4.3"
			}
		},
		"babel-plugin-transform-inline-consecutive-adds": {
			"version": "0.4.3",
			"resolved": "https://registry.npmjs.org/babel-plugin-transform-inline-consecutive-adds/-/babel-plugin-transform-inline-consecutive-adds-0.4.3.tgz",
			"integrity": "sha1-Mj1Ho+pjqDp6w8gRro5pQfrysNE=",
			"dev": true
		},
		"babel-plugin-transform-member-expression-literals": {
			"version": "6.9.4",
			"resolved": "https://registry.npmjs.org/babel-plugin-transform-member-expression-literals/-/babel-plugin-transform-member-expression-literals-6.9.4.tgz",
			"integrity": "sha1-NwOcmgwzE6OUlfqsL/OmtbnQOL8=",
			"dev": true
		},
		"babel-plugin-transform-merge-sibling-variables": {
			"version": "6.9.4",
			"resolved": "https://registry.npmjs.org/babel-plugin-transform-merge-sibling-variables/-/babel-plugin-transform-merge-sibling-variables-6.9.4.tgz",
			"integrity": "sha1-hbQi/DN3tEnJ0c3kQIcgNTJAHa4=",
			"dev": true
		},
		"babel-plugin-transform-minify-booleans": {
			"version": "6.9.4",
			"resolved": "https://registry.npmjs.org/babel-plugin-transform-minify-booleans/-/babel-plugin-transform-minify-booleans-6.9.4.tgz",
			"integrity": "sha1-rLs+VqNVXdI5KOS1gtKFFi3SsZg=",
			"dev": true
		},
		"babel-plugin-transform-property-literals": {
			"version": "6.9.4",
			"resolved": "https://registry.npmjs.org/babel-plugin-transform-property-literals/-/babel-plugin-transform-property-literals-6.9.4.tgz",
			"integrity": "sha1-mMHSHiVXNlc/k+zlRFn2ziSYXTk=",
			"dev": true,
			"requires": {
				"esutils": "2.0.2"
			}
		},
		"babel-plugin-transform-regexp-constructors": {
			"version": "0.4.3",
			"resolved": "https://registry.npmjs.org/babel-plugin-transform-regexp-constructors/-/babel-plugin-transform-regexp-constructors-0.4.3.tgz",
			"integrity": "sha1-WLd3W2OvzzMyj66aX4j71PsLSWU=",
			"dev": true
		},
		"babel-plugin-transform-remove-console": {
			"version": "6.9.4",
			"resolved": "https://registry.npmjs.org/babel-plugin-transform-remove-console/-/babel-plugin-transform-remove-console-6.9.4.tgz",
			"integrity": "sha1-uYA2DAZzhOJLNXpYjYB9PINSd4A=",
			"dev": true
		},
		"babel-plugin-transform-remove-debugger": {
			"version": "6.9.4",
			"resolved": "https://registry.npmjs.org/babel-plugin-transform-remove-debugger/-/babel-plugin-transform-remove-debugger-6.9.4.tgz",
			"integrity": "sha1-QrcnYxyXl44estGZp67IShgznvI=",
			"dev": true
		},
		"babel-plugin-transform-remove-undefined": {
			"version": "0.4.3",
			"resolved": "https://registry.npmjs.org/babel-plugin-transform-remove-undefined/-/babel-plugin-transform-remove-undefined-0.4.3.tgz",
			"integrity": "sha1-1AsNp/kcCMBsxyt2dHTAHEiU3gI=",
			"dev": true,
			"requires": {
				"babel-helper-evaluate-path": "0.4.3"
			}
		},
		"babel-plugin-transform-simplify-comparison-operators": {
			"version": "6.9.4",
			"resolved": "https://registry.npmjs.org/babel-plugin-transform-simplify-comparison-operators/-/babel-plugin-transform-simplify-comparison-operators-6.9.4.tgz",
			"integrity": "sha1-9ir+CWyrDh9ootdT/fKDiIRxzrk=",
			"dev": true
		},
		"babel-plugin-transform-undefined-to-void": {
			"version": "6.9.4",
			"resolved": "https://registry.npmjs.org/babel-plugin-transform-undefined-to-void/-/babel-plugin-transform-undefined-to-void-6.9.4.tgz",
			"integrity": "sha1-viQcqBQEAwZ4t0hxcyK4nQyP4oA=",
			"dev": true
		},
		"babel-preset-minify": {
			"version": "0.4.3",
			"resolved": "https://registry.npmjs.org/babel-preset-minify/-/babel-preset-minify-0.4.3.tgz",
			"integrity": "sha1-spw91pGJBThFmPCSuVUVLiah/g8=",
			"dev": true,
			"requires": {
				"babel-plugin-minify-builtins": "0.4.3",
				"babel-plugin-minify-constant-folding": "0.4.3",
				"babel-plugin-minify-dead-code-elimination": "0.4.3",
				"babel-plugin-minify-flip-comparisons": "0.4.3",
				"babel-plugin-minify-guarded-expressions": "0.4.3",
				"babel-plugin-minify-infinity": "0.4.3",
				"babel-plugin-minify-mangle-names": "0.4.3",
				"babel-plugin-minify-numeric-literals": "0.4.3",
				"babel-plugin-minify-replace": "0.4.3",
				"babel-plugin-minify-simplify": "0.4.3",
				"babel-plugin-minify-type-constructors": "0.4.3",
				"babel-plugin-transform-inline-consecutive-adds": "0.4.3",
				"babel-plugin-transform-member-expression-literals": "6.9.4",
				"babel-plugin-transform-merge-sibling-variables": "6.9.4",
				"babel-plugin-transform-minify-booleans": "6.9.4",
				"babel-plugin-transform-property-literals": "6.9.4",
				"babel-plugin-transform-regexp-constructors": "0.4.3",
				"babel-plugin-transform-remove-console": "6.9.4",
				"babel-plugin-transform-remove-debugger": "6.9.4",
				"babel-plugin-transform-remove-undefined": "0.4.3",
				"babel-plugin-transform-simplify-comparison-operators": "6.9.4",
				"babel-plugin-transform-undefined-to-void": "6.9.4",
				"lodash.isplainobject": "4.0.6"
			}
		},
		"babylon": {
			"version": "7.0.0-beta.47",
			"resolved": "https://registry.npmjs.org/babylon/-/babylon-7.0.0-beta.47.tgz",
			"integrity": "sha512-+rq2cr4GDhtToEzKFD6KZZMDBXhjFAr9JjPw9pAppZACeEWqNM294j+NdBzkSHYXwzzBmVjZ3nEVJlOhbR2gOQ==",
			"dev": true
		},
		"balanced-match": {
			"version": "1.0.0",
			"resolved": "https://registry.npmjs.org/balanced-match/-/balanced-match-1.0.0.tgz",
			"integrity": "sha1-ibTRmasr7kneFk6gK4nORi1xt2c=",
			"dev": true
		},
		"brace-expansion": {
			"version": "1.1.11",
			"resolved": "https://registry.npmjs.org/brace-expansion/-/brace-expansion-1.1.11.tgz",
			"integrity": "sha512-iCuPHDFgrHX7H2vEI/5xpz07zSHB00TpugqhmYtVmMO6518mCuRMoOYFldEBl0g187ufozdaHgWKcYFb61qGiA==",
			"dev": true,
			"requires": {
				"balanced-match": "1.0.0",
				"concat-map": "0.0.1"
			}
		},
		"braces": {
			"version": "1.8.5",
			"resolved": "https://registry.npmjs.org/braces/-/braces-1.8.5.tgz",
			"integrity": "sha1-uneWLhLf+WnWt2cR6RS3N4V79qc=",
			"dev": true,
			"requires": {
				"expand-range": "1.8.2",
				"preserve": "0.2.0",
				"repeat-element": "1.1.2"
			}
		},
		"camelcase": {
			"version": "4.1.0",
			"resolved": "https://registry.npmjs.org/camelcase/-/camelcase-4.1.0.tgz",
			"integrity": "sha1-1UVjW+HjPFQmScaRc+Xeas+uNN0=",
			"dev": true
		},
		"chalk": {
			"version": "2.4.1",
			"resolved": "https://registry.npmjs.org/chalk/-/chalk-2.4.1.tgz",
			"integrity": "sha512-ObN6h1v2fTJSmUXoS3nMQ92LbDK9be4TV+6G+omQlGJFdcUX5heKi1LZ1YnRMIgwTLEj3E24bT6tYni50rlCfQ==",
			"dev": true,
			"requires": {
				"ansi-styles": "3.2.1",
				"escape-string-regexp": "1.0.5",
				"supports-color": "5.4.0"
			}
		},
		"clang-format": {
			"version": "1.2.3",
			"resolved": "https://registry.npmjs.org/clang-format/-/clang-format-1.2.3.tgz",
			"integrity": "sha512-x90Hac4ERacGDcZSvHKK58Ga0STuMD+Doi5g0iG2zf7wlJef5Huvhs/3BvMRFxwRYyYSdl6mpQNrtfMxE8MQzw==",
			"dev": true,
			"requires": {
				"async": "1.5.2",
				"glob": "7.1.2",
				"resolve": "1.7.1"
			}
		},
		"color-convert": {
			"version": "1.9.1",
			"resolved": "https://registry.npmjs.org/color-convert/-/color-convert-1.9.1.tgz",
			"integrity": "sha512-mjGanIiwQJskCC18rPR6OmrZ6fm2Lc7PeGFYwCmy5J34wC6F1PzdGL6xeMfmgicfYcNLGuVFA3WzXtIDCQSZxQ==",
			"dev": true,
			"requires": {
				"color-name": "1.1.3"
			}
		},
		"color-name": {
			"version": "1.1.3",
			"resolved": "https://registry.npmjs.org/color-name/-/color-name-1.1.3.tgz",
			"integrity": "sha1-p9BVi9icQveV3UIyj3QIMcpTvCU=",
			"dev": true
		},
		"concat-map": {
			"version": "0.0.1",
			"resolved": "https://registry.npmjs.org/concat-map/-/concat-map-0.0.1.tgz",
			"integrity": "sha1-2Klr13/Wjfd5OnMDajug1UBdR3s=",
			"dev": true
		},
		"convert-source-map": {
			"version": "1.5.1",
			"resolved": "https://registry.npmjs.org/convert-source-map/-/convert-source-map-1.5.1.tgz",
			"integrity": "sha1-uCeAl7m8IpNl3lxiz1/K7YtVmeU=",
			"dev": true
		},
		"debug": {
			"version": "3.1.0",
			"resolved": "https://registry.npmjs.org/debug/-/debug-3.1.0.tgz",
			"integrity": "sha512-OX8XqP7/1a9cqkxYw2yXss15f26NKWBpDXQd0/uK/KPqdQhxbPa994hnzjcE2VqQpDslf55723cKPUOGSmMY3g==",
			"dev": true,
			"requires": {
				"ms": "2.0.0"
			}
		},
		"define-properties": {
			"version": "1.1.2",
			"resolved": "https://registry.npmjs.org/define-properties/-/define-properties-1.1.2.tgz",
			"integrity": "sha1-g6c/L+pWmJj7c3GTyPhzyvbUXJQ=",
			"dev": true,
			"requires": {
				"foreach": "2.0.5",
				"object-keys": "1.0.11"
			}
		},
		"es-abstract": {
			"version": "1.11.0",
			"resolved": "https://registry.npmjs.org/es-abstract/-/es-abstract-1.11.0.tgz",
			"integrity": "sha512-ZnQrE/lXTTQ39ulXZ+J1DTFazV9qBy61x2bY071B+qGco8Z8q1QddsLdt/EF8Ai9hcWH72dWS0kFqXLxOxqslA==",
			"dev": true,
			"requires": {
				"es-to-primitive": "1.1.1",
				"function-bind": "1.1.1",
				"has": "1.0.1",
				"is-callable": "1.1.3",
				"is-regex": "1.0.4"
			}
		},
		"es-to-primitive": {
			"version": "1.1.1",
			"resolved": "https://registry.npmjs.org/es-to-primitive/-/es-to-primitive-1.1.1.tgz",
			"integrity": "sha1-RTVSSKiJeQNLZ5Lhm7gfK3l13Q0=",
			"dev": true,
			"requires": {
				"is-callable": "1.1.3",
				"is-date-object": "1.0.1",
				"is-symbol": "1.0.1"
			}
		},
		"escape-string-regexp": {
			"version": "1.0.5",
			"resolved": "https://registry.npmjs.org/escape-string-regexp/-/escape-string-regexp-1.0.5.tgz",
			"integrity": "sha1-G2HAViGQqN/2rjuyzwIAyhMLhtQ=",
			"dev": true
		},
		"esutils": {
			"version": "2.0.2",
			"resolved": "https://registry.npmjs.org/esutils/-/esutils-2.0.2.tgz",
			"integrity": "sha1-Cr9PHKpbyx96nYrMbepPqqBLrJs=",
			"dev": true
		},
		"expand-brackets": {
			"version": "0.1.5",
			"resolved": "https://registry.npmjs.org/expand-brackets/-/expand-brackets-0.1.5.tgz",
			"integrity": "sha1-3wcoTjQqgHzXM6xa9yQR5YHRF3s=",
			"dev": true,
			"requires": {
				"is-posix-bracket": "0.1.1"
			}
		},
		"expand-range": {
			"version": "1.8.2",
			"resolved": "https://registry.npmjs.org/expand-range/-/expand-range-1.8.2.tgz",
			"integrity": "sha1-opnv/TNf4nIeuujiV+x5ZE/IUzc=",
			"dev": true,
			"requires": {
				"fill-range": "2.2.4"
			}
		},
		"extglob": {
			"version": "0.3.2",
			"resolved": "https://registry.npmjs.org/extglob/-/extglob-0.3.2.tgz",
			"integrity": "sha1-Lhj/PS9JqydlzskCPwEdqo2DSaE=",
			"dev": true,
			"requires": {
				"is-extglob": "1.0.0"
			}
		},
		"filename-regex": {
			"version": "2.0.1",
			"resolved": "https://registry.npmjs.org/filename-regex/-/filename-regex-2.0.1.tgz",
			"integrity": "sha1-wcS5vuPglyXdsQa3XB4wH+LxiyY=",
			"dev": true
		},
		"fill-range": {
			"version": "2.2.4",
			"resolved": "https://registry.npmjs.org/fill-range/-/fill-range-2.2.4.tgz",
			"integrity": "sha512-cnrcCbj01+j2gTG921VZPnHbjmdAf8oQV/iGeV2kZxGSyfYjjTyY79ErsK1WJWMpw6DaApEX72binqJE+/d+5Q==",
			"dev": true,
			"requires": {
				"is-number": "2.1.0",
				"isobject": "2.1.0",
				"randomatic": "3.0.0",
				"repeat-element": "1.1.2",
				"repeat-string": "1.6.1"
			}
		},
		"for-in": {
			"version": "1.0.2",
			"resolved": "https://registry.npmjs.org/for-in/-/for-in-1.0.2.tgz",
			"integrity": "sha1-gQaNKVqBQuwKxybG4iAMMPttXoA=",
			"dev": true
		},
		"for-own": {
			"version": "0.1.5",
			"resolved": "https://registry.npmjs.org/for-own/-/for-own-0.1.5.tgz",
			"integrity": "sha1-UmXGgaTylNq78XyVCbZ2OqhFEM4=",
			"dev": true,
			"requires": {
				"for-in": "1.0.2"
			}
		},
		"foreach": {
			"version": "2.0.5",
			"resolved": "https://registry.npmjs.org/foreach/-/foreach-2.0.5.tgz",
			"integrity": "sha1-C+4AUBiusmDQo6865ljdATbsG5k=",
			"dev": true
		},
		"fs-readdir-recursive": {
			"version": "1.1.0",
			"resolved": "https://registry.npmjs.org/fs-readdir-recursive/-/fs-readdir-recursive-1.1.0.tgz",
			"integrity": "sha512-GNanXlVr2pf02+sPN40XN8HG+ePaNcvM0q5mZBd668Obwb0yD5GiUbZOFgwn8kGMY6I3mdyDJzieUy3PTYyTRA==",
			"dev": true
		},
		"fs.realpath": {
			"version": "1.0.0",
			"resolved": "https://registry.npmjs.org/fs.realpath/-/fs.realpath-1.0.0.tgz",
			"integrity": "sha1-FQStJSMVjKpA20onh8sBQRmU6k8=",
			"dev": true
		},
		"function-bind": {
			"version": "1.1.1",
			"resolved": "https://registry.npmjs.org/function-bind/-/function-bind-1.1.1.tgz",
			"integrity": "sha512-yIovAzMX49sF8Yl58fSCWJ5svSLuaibPxXQJFLmBObTuCr0Mf1KiPopGM9NiFjiYBCbfaa2Fh6breQ6ANVTI0A==",
			"dev": true
		},
		"glob": {
			"version": "7.1.2",
			"resolved": "https://registry.npmjs.org/glob/-/glob-7.1.2.tgz",
			"integrity": "sha512-MJTUg1kjuLeQCJ+ccE4Vpa6kKVXkPYJ2mOCQyUuKLcLQsdrMCpBPUi8qVE6+YuaJkozeA9NusTAw3hLr8Xe5EQ==",
			"dev": true,
			"requires": {
				"fs.realpath": "1.0.0",
				"inflight": "1.0.6",
				"inherits": "2.0.3",
				"minimatch": "3.0.4",
				"once": "1.4.0",
				"path-is-absolute": "1.0.1"
			}
		},
		"glob-base": {
			"version": "0.3.0",
			"resolved": "https://registry.npmjs.org/glob-base/-/glob-base-0.3.0.tgz",
			"integrity": "sha1-27Fk9iIbHAscz4Kuoyi0l98Oo8Q=",
			"dev": true,
			"requires": {
				"glob-parent": "2.0.0",
				"is-glob": "2.0.1"
			}
		},
		"glob-parent": {
			"version": "2.0.0",
			"resolved": "https://registry.npmjs.org/glob-parent/-/glob-parent-2.0.0.tgz",
			"integrity": "sha1-gTg9ctsFT8zPUzbaqQLxgvbtuyg=",
			"dev": true,
			"requires": {
				"is-glob": "2.0.1"
			}
		},
		"globals": {
			"version": "11.5.0",
			"resolved": "https://registry.npmjs.org/globals/-/globals-11.5.0.tgz",
			"integrity": "sha512-hYyf+kI8dm3nORsiiXUQigOU62hDLfJ9G01uyGMxhc6BKsircrUhC4uJPQPUSuq2GrTmiiEt7ewxlMdBewfmKQ==",
			"dev": true
		},
		"has": {
			"version": "1.0.1",
			"resolved": "https://registry.npmjs.org/has/-/has-1.0.1.tgz",
			"integrity": "sha1-hGFzP1OLCDfJNh45qauelwTcLyg=",
			"dev": true,
			"requires": {
				"function-bind": "1.1.1"
			}
		},
		"has-flag": {
			"version": "3.0.0",
			"resolved": "https://registry.npmjs.org/has-flag/-/has-flag-3.0.0.tgz",
			"integrity": "sha1-tdRU3CGZriJWmfNGfloH87lVuv0=",
			"dev": true
		},
		"inflight": {
			"version": "1.0.6",
			"resolved": "https://registry.npmjs.org/inflight/-/inflight-1.0.6.tgz",
			"integrity": "sha1-Sb1jMdfQLQwJvJEKEHW6gWW1bfk=",
			"dev": true,
			"requires": {
				"once": "1.4.0",
				"wrappy": "1.0.2"
			}
		},
		"inherits": {
			"version": "2.0.3",
			"resolved": "https://registry.npmjs.org/inherits/-/inherits-2.0.3.tgz",
			"integrity": "sha1-Yzwsg+PaQqUC9SRmAiSA9CCCYd4=",
			"dev": true
		},
		"invariant": {
			"version": "2.2.4",
			"resolved": "https://registry.npmjs.org/invariant/-/invariant-2.2.4.tgz",
			"integrity": "sha512-phJfQVBuaJM5raOpJjSfkiD6BpbCE4Ns//LaXl6wGYtUBY83nWS6Rf9tXm2e8VaK60JEjYldbPif/A2B1C2gNA==",
			"dev": true,
			"requires": {
				"loose-envify": "1.3.1"
			}
		},
		"is-buffer": {
			"version": "1.1.6",
			"resolved": "https://registry.npmjs.org/is-buffer/-/is-buffer-1.1.6.tgz",
			"integrity": "sha512-NcdALwpXkTm5Zvvbk7owOUSvVvBKDgKP5/ewfXEznmQFfs4ZRmanOeKBTjRVjka3QFoN6XJ+9F3USqfHqTaU5w==",
			"dev": true
		},
		"is-callable": {
			"version": "1.1.3",
			"resolved": "https://registry.npmjs.org/is-callable/-/is-callable-1.1.3.tgz",
			"integrity": "sha1-hut1OSgF3cM69xySoO7fdO52BLI=",
			"dev": true
		},
		"is-date-object": {
			"version": "1.0.1",
			"resolved": "https://registry.npmjs.org/is-date-object/-/is-date-object-1.0.1.tgz",
			"integrity": "sha1-mqIOtq7rv/d/vTPnTKAbM1gdOhY=",
			"dev": true
		},
		"is-dotfile": {
			"version": "1.0.3",
			"resolved": "https://registry.npmjs.org/is-dotfile/-/is-dotfile-1.0.3.tgz",
			"integrity": "sha1-pqLzL/0t+wT1yiXs0Pa4PPeYoeE=",
			"dev": true
		},
		"is-equal-shallow": {
			"version": "0.1.3",
			"resolved": "https://registry.npmjs.org/is-equal-shallow/-/is-equal-shallow-0.1.3.tgz",
			"integrity": "sha1-IjgJj8Ih3gvPpdnqxMRdY4qhxTQ=",
			"dev": true,
			"requires": {
				"is-primitive": "2.0.0"
			}
		},
		"is-extendable": {
			"version": "0.1.1",
			"resolved": "https://registry.npmjs.org/is-extendable/-/is-extendable-0.1.1.tgz",
			"integrity": "sha1-YrEQ4omkcUGOPsNqYX1HLjAd/Ik=",
			"dev": true
		},
		"is-extglob": {
			"version": "1.0.0",
			"resolved": "https://registry.npmjs.org/is-extglob/-/is-extglob-1.0.0.tgz",
			"integrity": "sha1-rEaBd8SUNAWgkvyPKXYMb/xiBsA=",
			"dev": true
		},
		"is-glob": {
			"version": "2.0.1",
			"resolved": "https://registry.npmjs.org/is-glob/-/is-glob-2.0.1.tgz",
			"integrity": "sha1-0Jb5JqPe1WAPP9/ZEZjLCIjC2GM=",
			"dev": true,
			"requires": {
				"is-extglob": "1.0.0"
			}
		},
		"is-number": {
			"version": "2.1.0",
			"resolved": "https://registry.npmjs.org/is-number/-/is-number-2.1.0.tgz",
			"integrity": "sha1-Afy7s5NGOlSPL0ZszhbezknbkI8=",
			"dev": true,
			"requires": {
				"kind-of": "3.2.2"
			}
		},
		"is-posix-bracket": {
			"version": "0.1.1",
			"resolved": "https://registry.npmjs.org/is-posix-bracket/-/is-posix-bracket-0.1.1.tgz",
			"integrity": "sha1-MzTceXdDaOkvAW5vvAqI9c1ua8Q=",
			"dev": true
		},
		"is-primitive": {
			"version": "2.0.0",
			"resolved": "https://registry.npmjs.org/is-primitive/-/is-primitive-2.0.0.tgz",
			"integrity": "sha1-IHurkWOEmcB7Kt8kCkGochADRXU=",
			"dev": true
		},
		"is-regex": {
			"version": "1.0.4",
			"resolved": "https://registry.npmjs.org/is-regex/-/is-regex-1.0.4.tgz",
			"integrity": "sha1-VRdIm1RwkbCTDglWVM7SXul+lJE=",
			"dev": true,
			"requires": {
				"has": "1.0.1"
			}
		},
		"is-symbol": {
			"version": "1.0.1",
			"resolved": "https://registry.npmjs.org/is-symbol/-/is-symbol-1.0.1.tgz",
			"integrity": "sha1-PMWfAAJRlLarLjjbrmaJJWtmBXI=",
			"dev": true
		},
		"isarray": {
			"version": "1.0.0",
			"resolved": "https://registry.npmjs.org/isarray/-/isarray-1.0.0.tgz",
			"integrity": "sha1-u5NdSFgsuhaMBoNJV6VKPgcSTxE=",
			"dev": true
		},
		"isobject": {
			"version": "2.1.0",
			"resolved": "https://registry.npmjs.org/isobject/-/isobject-2.1.0.tgz",
			"integrity": "sha1-8GVWEJaj8dou9GJy+BXIQNh+DIk=",
			"dev": true,
			"requires": {
				"isarray": "1.0.0"
			}
		},
		"js-tokens": {
			"version": "3.0.2",
			"resolved": "https://registry.npmjs.org/js-tokens/-/js-tokens-3.0.2.tgz",
			"integrity": "sha1-mGbfOVECEw449/mWvOtlRDIJwls=",
			"dev": true
		},
		"jsesc": {
			"version": "2.5.1",
			"resolved": "https://registry.npmjs.org/jsesc/-/jsesc-2.5.1.tgz",
			"integrity": "sha1-5CGiqOINawgZ3yiQj3glJrlt0f4=",
			"dev": true
		},
		"json5": {
			"version": "0.5.1",
			"resolved": "https://registry.npmjs.org/json5/-/json5-0.5.1.tgz",
			"integrity": "sha1-Hq3nrMASA0rYTiOWdn6tn6VJWCE=",
			"dev": true
		},
		"kind-of": {
			"version": "3.2.2",
			"resolved": "https://registry.npmjs.org/kind-of/-/kind-of-3.2.2.tgz",
			"integrity": "sha1-MeohpzS6ubuw8yRm2JOupR5KPGQ=",
			"dev": true,
			"requires": {
				"is-buffer": "1.1.6"
			}
		},
		"lodash": {
			"version": "4.17.10",
			"resolved": "https://registry.npmjs.org/lodash/-/lodash-4.17.10.tgz",
			"integrity": "sha512-UejweD1pDoXu+AD825lWwp4ZGtSwgnpZxb3JDViD7StjQz+Nb/6l093lx4OQ0foGWNRoc19mWy7BzL+UAK2iVg==",
			"dev": true
		},
		"lodash.isplainobject": {
			"version": "4.0.6",
			"resolved": "https://registry.npmjs.org/lodash.isplainobject/-/lodash.isplainobject-4.0.6.tgz",
			"integrity": "sha1-fFJqUtibRcRcxpC4gWO+BJf1UMs=",
			"dev": true
		},
		"lodash.some": {
			"version": "4.6.0",
			"resolved": "https://registry.npmjs.org/lodash.some/-/lodash.some-4.6.0.tgz",
			"integrity": "sha1-G7nzFO9ri63tE7VJFpsqlF62jk0=",
			"dev": true
		},
		"loose-envify": {
			"version": "1.3.1",
			"resolved": "https://registry.npmjs.org/loose-envify/-/loose-envify-1.3.1.tgz",
			"integrity": "sha1-0aitM/qc4OcT1l/dCsi3SNR4yEg=",
			"dev": true,
			"requires": {
				"js-tokens": "3.0.2"
			}
		},
		"math-random": {
			"version": "1.0.1",
			"resolved": "https://registry.npmjs.org/math-random/-/math-random-1.0.1.tgz",
			"integrity": "sha1-izqsWIuKZuSXXjzepn97sylgH6w=",
			"dev": true
		},
		"micromatch": {
			"version": "2.3.11",
			"resolved": "https://registry.npmjs.org/micromatch/-/micromatch-2.3.11.tgz",
			"integrity": "sha1-hmd8l9FyCzY0MdBNDRUpO9OMFWU=",
			"dev": true,
			"requires": {
				"arr-diff": "2.0.0",
				"array-unique": "0.2.1",
				"braces": "1.8.5",
				"expand-brackets": "0.1.5",
				"extglob": "0.3.2",
				"filename-regex": "2.0.1",
				"is-extglob": "1.0.0",
				"is-glob": "2.0.1",
				"kind-of": "3.2.2",
				"normalize-path": "2.1.1",
				"object.omit": "2.0.1",
				"parse-glob": "3.0.4",
				"regex-cache": "0.4.4"
			}
		},
		"minimatch": {
			"version": "3.0.4",
			"resolved": "https://registry.npmjs.org/minimatch/-/minimatch-3.0.4.tgz",
			"integrity": "sha512-yJHVQEhyqPLUTgt9B83PXu6W3rx4MvvHvSUvToogpwoGDOUQ+yDrR0HRot+yOCdCO7u4hX3pWft6kWBBcqh0UA==",
			"dev": true,
			"requires": {
				"brace-expansion": "1.1.11"
			}
		},
		"minimist": {
			"version": "0.0.8",
			"resolved": "https://registry.npmjs.org/minimist/-/minimist-0.0.8.tgz",
			"integrity": "sha1-hX/Kv8M5fSYluCKCYuhqp6ARsF0=",
			"dev": true
		},
		"mkdirp": {
			"version": "0.5.1",
			"resolved": "https://registry.npmjs.org/mkdirp/-/mkdirp-0.5.1.tgz",
			"integrity": "sha1-MAV0OOrGz3+MR2fzhkjWaX11yQM=",
			"dev": true,
			"requires": {
				"minimist": "0.0.8"
			}
		},
		"ms": {
			"version": "2.0.0",
			"resolved": "https://registry.npmjs.org/ms/-/ms-2.0.0.tgz",
			"integrity": "sha1-VgiurfwAvmwpAd9fmGF4jeDVl8g=",
			"dev": true
		},
		"normalize-path": {
			"version": "2.1.1",
			"resolved": "https://registry.npmjs.org/normalize-path/-/normalize-path-2.1.1.tgz",
			"integrity": "sha1-GrKLVW4Zg2Oowab35vogE3/mrtk=",
			"dev": true,
			"requires": {
				"remove-trailing-separator": "1.1.0"
			}
		},
		"object-keys": {
			"version": "1.0.11",
			"resolved": "https://registry.npmjs.org/object-keys/-/object-keys-1.0.11.tgz",
			"integrity": "sha1-xUYBd4rVYPEULODgG8yotW0TQm0=",
			"dev": true
		},
		"object.getownpropertydescriptors": {
			"version": "2.0.3",
			"resolved": "https://registry.npmjs.org/object.getownpropertydescriptors/-/object.getownpropertydescriptors-2.0.3.tgz",
			"integrity": "sha1-h1jIRvW0B62rDyNuCYbxSwUcqhY=",
			"dev": true,
			"requires": {
				"define-properties": "1.1.2",
				"es-abstract": "1.11.0"
			}
		},
		"object.omit": {
			"version": "2.0.1",
			"resolved": "https://registry.npmjs.org/object.omit/-/object.omit-2.0.1.tgz",
			"integrity": "sha1-Gpx0SCnznbuFjHbKNXmuKlTr0fo=",
			"dev": true,
			"requires": {
				"for-own": "0.1.5",
				"is-extendable": "0.1.1"
			}
		},
		"once": {
			"version": "1.4.0",
			"resolved": "https://registry.npmjs.org/once/-/once-1.4.0.tgz",
			"integrity": "sha1-WDsap3WWHUsROsF9nFC6753Xa9E=",
			"dev": true,
			"requires": {
				"wrappy": "1.0.2"
			}
		},
		"parse-glob": {
			"version": "3.0.4",
			"resolved": "https://registry.npmjs.org/parse-glob/-/parse-glob-3.0.4.tgz",
			"integrity": "sha1-ssN2z7EfNVE7rdFz7wu246OIORw=",
			"dev": true,
			"requires": {
				"glob-base": "0.3.0",
				"is-dotfile": "1.0.3",
				"is-extglob": "1.0.0",
				"is-glob": "2.0.1"
			}
		},
		"path-is-absolute": {
			"version": "1.0.1",
			"resolved": "https://registry.npmjs.org/path-is-absolute/-/path-is-absolute-1.0.1.tgz",
			"integrity": "sha1-F0uSaHNVNP+8es5r9TpanhtcX18=",
			"dev": true
		},
		"path-parse": {
			"version": "1.0.5",
			"resolved": "https://registry.npmjs.org/path-parse/-/path-parse-1.0.5.tgz",
			"integrity": "sha1-PBrfhx6pzWyUMbbqK9dKD/BVxME=",
			"dev": true
		},
		"preserve": {
			"version": "0.2.0",
			"resolved": "https://registry.npmjs.org/preserve/-/preserve-0.2.0.tgz",
			"integrity": "sha1-gV7R9uvGWSb4ZbMQwHE7yzMVzks=",
			"dev": true
		},
		"randomatic": {
			"version": "3.0.0",
			"resolved": "https://registry.npmjs.org/randomatic/-/randomatic-3.0.0.tgz",
			"integrity": "sha512-VdxFOIEY3mNO5PtSRkkle/hPJDHvQhK21oa73K4yAc9qmp6N429gAyF1gZMOTMeS0/AYzaV/2Trcef+NaIonSA==",
			"dev": true,
			"requires": {
				"is-number": "4.0.0",
				"kind-of": "6.0.2",
				"math-random": "1.0.1"
			},
			"dependencies": {
				"is-number": {
					"version": "4.0.0",
					"resolved": "https://registry.npmjs.org/is-number/-/is-number-4.0.0.tgz",
					"integrity": "sha512-rSklcAIlf1OmFdyAqbnWTLVelsQ58uvZ66S/ZyawjWqIviTWCjg2PzVGw8WUA+nNuPTqb4wgA+NszrJ+08LlgQ==",
					"dev": true
				},
				"kind-of": {
					"version": "6.0.2",
					"resolved": "https://registry.npmjs.org/kind-of/-/kind-of-6.0.2.tgz",
					"integrity": "sha512-s5kLOcnH0XqDO+FvuaLX8DDjZ18CGFk7VygH40QoKPUQhW4e2rvM0rwUq0t8IQDOwYSeLK01U90OjzBTme2QqA==",
					"dev": true
				}
			}
		},
		"regex-cache": {
			"version": "0.4.4",
			"resolved": "https://registry.npmjs.org/regex-cache/-/regex-cache-0.4.4.tgz",
			"integrity": "sha512-nVIZwtCjkC9YgvWkpM55B5rBhBYRZhAaJbgcFYXXsHnbZ9UZI9nnVWYZpBlCqv9ho2eZryPnWrZGsOdPwVWXWQ==",
			"dev": true,
			"requires": {
				"is-equal-shallow": "0.1.3"
			}
		},
		"remove-trailing-separator": {
			"version": "1.1.0",
			"resolved": "https://registry.npmjs.org/remove-trailing-separator/-/remove-trailing-separator-1.1.0.tgz",
			"integrity": "sha1-wkvOKig62tW8P1jg1IJJuSN52O8=",
			"dev": true
		},
		"repeat-element": {
			"version": "1.1.2",
			"resolved": "https://registry.npmjs.org/repeat-element/-/repeat-element-1.1.2.tgz",
			"integrity": "sha1-7wiaF40Ug7quTZPrmLT55OEdmQo=",
			"dev": true
		},
		"repeat-string": {
			"version": "1.6.1",
			"resolved": "https://registry.npmjs.org/repeat-string/-/repeat-string-1.6.1.tgz",
			"integrity": "sha1-jcrkcOHIirwtYA//Sndihtp15jc=",
			"dev": true
		},
		"resolve": {
			"version": "1.7.1",
			"resolved": "https://registry.npmjs.org/resolve/-/resolve-1.7.1.tgz",
			"integrity": "sha512-c7rwLofp8g1U+h1KNyHL/jicrKg1Ek4q+Lr33AL65uZTinUZHe30D5HlyN5V9NW0JX1D5dXQ4jqW5l7Sy/kGfw==",
			"dev": true,
			"requires": {
				"path-parse": "1.0.5"
			}
		},
		"semver": {
			"version": "5.5.0",
			"resolved": "https://registry.npmjs.org/semver/-/semver-5.5.0.tgz",
			"integrity": "sha512-4SJ3dm0WAwWy/NVeioZh5AntkdJoWKxHxcmyP622fOkgHa4z3R0TdBJICINyaSDE6uNwVc8gZr+ZinwZAH4xIA==",
			"dev": true
		},
		"source-map": {
			"version": "0.5.7",
			"resolved": "https://registry.npmjs.org/source-map/-/source-map-0.5.7.tgz",
			"integrity": "sha1-igOdLRAh0i0eoUyA2OpGi6LvP8w=",
			"dev": true
		},
		"supports-color": {
			"version": "5.4.0",
			"resolved": "https://registry.npmjs.org/supports-color/-/supports-color-5.4.0.tgz",
			"integrity": "sha512-zjaXglF5nnWpsq470jSv6P9DwPvgLkuapYmfDm3JWOm0vkNTVF2tI4UrN2r6jH1qM/uc/WtxYY1hYoA2dOKj5w==",
			"dev": true,
			"requires": {
				"has-flag": "3.0.0"
			}
		},
		"to-fast-properties": {
			"version": "2.0.0",
			"resolved": "https://registry.npmjs.org/to-fast-properties/-/to-fast-properties-2.0.0.tgz",
			"integrity": "sha1-3F5pjL0HkmW8c+A3doGk5Og/YW4=",
			"dev": true
		},
		"trim-right": {
			"version": "1.0.1",
			"resolved": "https://registry.npmjs.org/trim-right/-/trim-right-1.0.1.tgz",
			"integrity": "sha1-yy4SAwZ+DI3h9hQJS5/kVwTqYAM=",
			"dev": true
		},
		"util.promisify": {
			"version": "1.0.0",
			"resolved": "https://registry.npmjs.org/util.promisify/-/util.promisify-1.0.0.tgz",
			"integrity": "sha512-i+6qA2MPhvoKLuxnJNpXAGhg7HphQOSUq2LKMZD0m15EiskXUkMvKdF4Uui0WYeCUGea+o2cw/ZuwehtfsrNkA==",
			"dev": true,
			"requires": {
				"define-properties": "1.1.2",
				"object.getownpropertydescriptors": "2.0.3"
			}
		},
		"wrappy": {
			"version": "1.0.2",
			"resolved": "https://registry.npmjs.org/wrappy/-/wrappy-1.0.2.tgz",
			"integrity": "sha1-tSQ9jz7BqjXxNkYFvA0QNuMKtp8=",
			"dev": true
		},
		"yargs-parser": {
			"version": "10.0.0",
			"resolved": "https://registry.npmjs.org/yargs-parser/-/yargs-parser-10.0.0.tgz",
			"integrity": "sha512-+DHejWujTVYeMHLff8U96rLc4uE4Emncoftvn5AjhB1Jw1pWxLzgBUT/WYbPrHmy6YPEBTZQx5myHhVcuuu64g==",
			"dev": true,
			"requires": {
				"camelcase": "4.1.0"
			}
		}
	}
}
