{
  "name": "dom5",
  "version": "3.0.1",
  "lockfileVersion": 2,
  "requires": true,
  "packages": {
    "": {
      "version": "3.0.1",
      "license": "BSD-3-Clause",
      "dependencies": {
        "@types/parse5": "^6.0.0",
        "clone": "^2.1.0",
        "parse5": "^6.0.1"
      },
      "devDependencies": {
        "@types/clone": "^0.1.29",
        "tsc-then": "^1.1.0"
      }
    },
    "node_modules/@types/clone": {
      "version": "0.1.30",
      "resolved": "https://registry.npmjs.org/@types/clone/-/clone-0.1.30.tgz",
      "integrity": "sha1-5zZWSMG0ITalnH1QQGN7O1yDthQ=",
      "dev": true
    },
    "node_modules/@types/parse5": {
      "version": "6.0.0",
      "resolved": "https://registry.npmjs.org/@types/parse5/-/parse5-6.0.0.tgz",
      "integrity": "sha512-oPwPSj4a1wu9rsXTEGIJz91ISU725t0BmSnUhb57sI+M8XEmvUop84lzuiYdq0Y5M6xLY8DBPg0C2xEQKLyvBA=="
    },
    "node_modules/clone": {
      "version": "2.1.2",
      "resolved": "https://registry.npmjs.org/clone/-/clone-2.1.2.tgz",
      "integrity": "sha1-G39Ln1kfHo+DZwQBYANFoCiHQ18="
    },
    "node_modules/parse5": {
      "version": "6.0.1",
      "resolved": "https://registry.npmjs.org/parse5/-/parse5-6.0.1.tgz",
      "integrity": "sha512-Ofn/CTFzRGTTxwpNEs9PP93gXShHcTq255nzRYSKe8AkVpZY7e1fpmTfOyoIvjP5HG7Z2ZM7VS9PPhQGW2pOpw=="
    },
    "node_modules/semver": {
      "version": "5.7.0",
      "resolved": "https://registry.npmjs.org/semver/-/semver-5.7.0.tgz",
      "integrity": "sha512-Ya52jSX2u7QKghxeoFGpLwCtGlt7j0oY9DYb5apt9nPlJ42ID+ulTXESnt/qAQcoSERyZ5sl3LDIOw0nAn/5DA==",
      "dev": true
    },
    "node_modules/tsc-then": {
      "version": "1.1.0",
      "resolved": "https://registry.npmjs.org/tsc-then/-/tsc-then-1.1.0.tgz",
      "integrity": "sha512-830G8SK8tewOxfKVBC5YWqZ2C7wS1D4dh9267ebLxR7Gvh3UuI6aKU5Hxo+L3Kkcy6CuxZp4PMGl066DZ3Hlmw==",
      "dev": true,
      "dependencies": {
        "@types/node": "^8.0.53",
        "semver": "^5.4.1"
      }
    },
    "node_modules/tsc-then/node_modules/@types/node": {
      "version": "8.10.50",
      "resolved": "https://registry.npmjs.org/@types/node/-/node-8.10.50.tgz",
      "integrity": "sha512-+ZbcUwJdaBgOZpwXeT0v+gHC/jQbEfzoc9s4d0rN0JIKeQbuTrT+A2n1aQY6LpZjrLXJT7avVUqiCecCJeeZxA==",
      "dev": true
    }
  },
  "dependencies": {
    "@types/clone": {
      "version": "0.1.30",
      "resolved": "https://registry.npmjs.org/@types/clone/-/clone-0.1.30.tgz",
      "integrity": "sha1-5zZWSMG0ITalnH1QQGN7O1yDthQ=",
      "dev": true
    },
    "@types/parse5": {
      "version": "6.0.0",
      "resolved": "https://registry.npmjs.org/@types/parse5/-/parse5-6.0.0.tgz",
      "integrity": "sha512-oPwPSj4a1wu9rsXTEGIJz91ISU725t0BmSnUhb57sI+M8XEmvUop84lzuiYdq0Y5M6xLY8DBPg0C2xEQKLyvBA=="
    },
    "clone": {
      "version": "2.1.2",
      "resolved": "https://registry.npmjs.org/clone/-/clone-2.1.2.tgz",
      "integrity": "sha1-G39Ln1kfHo+DZwQBYANFoCiHQ18="
    },
    "parse5": {
      "version": "6.0.1",
      "resolved": "https://registry.npmjs.org/parse5/-/parse5-6.0.1.tgz",
      "integrity": "sha512-Ofn/CTFzRGTTxwpNEs9PP93gXShHcTq255nzRYSKe8AkVpZY7e1fpmTfOyoIvjP5HG7Z2ZM7VS9PPhQGW2pOpw=="
    },
    "semver": {
      "version": "5.7.0",
      "resolved": "https://registry.npmjs.org/semver/-/semver-5.7.0.tgz",
      "integrity": "sha512-Ya52jSX2u7QKghxeoFGpLwCtGlt7j0oY9DYb5apt9nPlJ42ID+ulTXESnt/qAQcoSERyZ5sl3LDIOw0nAn/5DA==",
      "dev": true
    },
    "tsc-then": {
      "version": "1.1.0",
      "resolved": "https://registry.npmjs.org/tsc-then/-/tsc-then-1.1.0.tgz",
      "integrity": "sha512-830G8SK8tewOxfKVBC5YWqZ2C7wS1D4dh9267ebLxR7Gvh3UuI6aKU5Hxo+L3Kkcy6CuxZp4PMGl066DZ3Hlmw==",
      "dev": true,
      "requires": {
        "@types/node": "^8.0.53",
        "semver": "^5.4.1"
      },
      "dependencies": {
        "@types/node": {
          "version": "8.10.50",
          "resolved": "https://registry.npmjs.org/@types/node/-/node-8.10.50.tgz",
          "integrity": "sha512-+ZbcUwJdaBgOZpwXeT0v+gHC/jQbEfzoc9s4d0rN0JIKeQbuTrT+A2n1aQY6LpZjrLXJT7avVUqiCecCJeeZxA==",
          "dev": true
        }
      }
    }
  }
}
