{
	"name": "polymer-project-config",
	"version": "4.0.2",
	"lockfileVersion": 1,
	"requires": true,
	"dependencies": {
		"@types/node": {
			"version": "10.7.1",
			"resolved": "https://registry.npmjs.org/@types/node/-/node-10.7.1.tgz",
			"integrity": "sha512-EGoI4ylB/lPOaqXqtzAyL8HcgOuCtH2hkEaLmkueOYufsTFWBn4VCvlCDC2HW8Q+9iF+QVC3sxjDKQYjHQeZ9w=="
		},
		"@types/parse5": {
			"version": "2.2.34",
			"resolved": "https://registry.npmjs.org/@types/parse5/-/parse5-2.2.34.tgz",
			"integrity": "sha1-44cKEOgnNacg9i1x3NGDunjvOp0=",
			"requires": {
				"@types/node": "*"
			}
		},
		"@types/winston": {
			"version": "2.3.9",
			"resolved": "https://registry.npmjs.org/@types/winston/-/winston-2.3.9.tgz",
			"integrity": "sha512-zzruYOEtNgfS3SBjcij1F6HlH6My5n8WrBNhP3fzaRM22ba70QBC2ATs18jGr88Fy43c0z8vFJv5wJankfxv2A==",
			"requires": {
				"@types/node": "*"
			}
		},
		"async": {
			"version": "1.0.0",
			"resolved": "https://registry.npmjs.org/async/-/async-1.0.0.tgz",
			"integrity": "sha1-+PwEyjoTeErenhZBr5hXjPvWR6k="
		},
		"balanced-match": {
			"version": "1.0.0",
			"resolved": "https://registry.npmjs.org/balanced-match/-/balanced-match-1.0.0.tgz",
			"integrity": "sha1-ibTRmasr7kneFk6gK4nORi1xt2c="
		},
		"brace-expansion": {
			"version": "1.1.11",
			"resolved": "https://registry.npmjs.org/brace-expansion/-/brace-expansion-1.1.11.tgz",
			"integrity": "sha512-iCuPHDFgrHX7H2vEI/5xpz07zSHB00TpugqhmYtVmMO6518mCuRMoOYFldEBl0g187ufozdaHgWKcYFb61qGiA==",
			"requires": {
				"balanced-match": "^1.0.0",
				"concat-map": "0.0.1"
			}
		},
		"buffer-from": {
			"version": "1.1.1",
			"resolved": "https://registry.npmjs.org/buffer-from/-/buffer-from-1.1.1.tgz",
			"integrity": "sha512-MQcXEUbCKtEo7bhqEs6560Hyd4XaovZlO/k9V3hjVUF/zwW7KBVdSK4gIt/bzwS9MbR5qob+F5jusZsb0YQK2A==",
			"dev": true
		},
		"colors": {
			"version": "1.0.3",
			"resolved": "https://registry.npmjs.org/colors/-/colors-1.0.3.tgz",
			"integrity": "sha1-BDP0TYCWgP3rYO0mDxsMJi6CpAs="
		},
		"concat-map": {
			"version": "0.0.1",
			"resolved": "https://registry.npmjs.org/concat-map/-/concat-map-0.0.1.tgz",
			"integrity": "sha1-2Klr13/Wjfd5OnMDajug1UBdR3s="
		},
		"cycle": {
			"version": "1.0.3",
			"resolved": "https://registry.npmjs.org/cycle/-/cycle-1.0.3.tgz",
			"integrity": "sha1-IegLK+hYD5i0aPN5QwZisEbDStI="
		},
		"eyes": {
			"version": "0.1.8",
			"resolved": "https://registry.npmjs.org/eyes/-/eyes-0.1.8.tgz",
			"integrity": "sha1-Ys8SAjTGg3hdkCNIqADvPgzCC8A="
		},
		"isstream": {
			"version": "0.1.2",
			"resolved": "https://registry.npmjs.org/isstream/-/isstream-0.1.2.tgz",
			"integrity": "sha1-R+Y/evVa+m+S4VAOaQ64uFKcCZo="
		},
		"jsonschema": {
			"version": "1.2.4",
			"resolved": "https://registry.npmjs.org/jsonschema/-/jsonschema-1.2.4.tgz",
			"integrity": "sha512-lz1nOH69GbsVHeVgEdvyavc/33oymY1AZwtePMiMj4HZPMbP5OIKK3zT9INMWjwua/V4Z4yq7wSlBbSG+g4AEw=="
		},
		"minimatch": {
			"version": "3.0.4",
			"resolved": "https://registry.npmjs.org/minimatch/-/minimatch-3.0.4.tgz",
			"integrity": "sha512-yJHVQEhyqPLUTgt9B83PXu6W3rx4MvvHvSUvToogpwoGDOUQ+yDrR0HRot+yOCdCO7u4hX3pWft6kWBBcqh0UA==",
			"requires": {
				"brace-expansion": "^1.1.7"
			}
		},
		"minimatch-all": {
			"version": "1.1.0",
			"resolved": "https://registry.npmjs.org/minimatch-all/-/minimatch-all-1.1.0.tgz",
			"integrity": "sha1-QMSWonouEo0Zv3WOdrsBoMcUV4c=",
			"requires": {
				"minimatch": "^3.0.2"
			}
		},
		"plylog": {
			"version": "0.5.0",
			"resolved": "https://registry.npmjs.org/plylog/-/plylog-0.5.0.tgz",
			"integrity": "sha1-yXbrodgNLdmRAF18EQ2vh0FUeI8=",
			"requires": {
				"@types/node": "^4.2.3",
				"@types/winston": "^2.2.0",
				"winston": "^2.2.0"
			},
			"dependencies": {
				"@types/node": {
					"version": "4.2.23",
					"resolved": "https://registry.npmjs.org/@types/node/-/node-4.2.23.tgz",
					"integrity": "sha512-U6IchCNLRyswc9p6G6lxWlbE+KwAhZp6mGo6MD2yWpmFomhYmetK+c98OpKyvphNn04CU3aXeJrXdOqbXVTS/w=="
				}
			}
		},
		"source-map": {
			"version": "0.6.1",
			"resolved": "https://registry.npmjs.org/source-map/-/source-map-0.6.1.tgz",
			"integrity": "sha512-UjgapumWlbMhkBgzT7Ykc5YXUT46F0iKu8SGXq0bcwP5dz/h0Plj6enJqjz1Zbq2l5WaqYnrVbwWOWMyF3F47g==",
			"dev": true
		},
		"source-map-support": {
			"version": "0.5.8",
			"resolved": "https://registry.npmjs.org/source-map-support/-/source-map-support-0.5.8.tgz",
			"integrity": "sha512-WqAEWPdb78u25RfKzOF0swBpY0dKrNdjc4GvLwm7ScX/o9bj8Eh/YL8mcMhBHYDGl87UkkSXDOFnW4G7GhWhGg==",
			"dev": true,
			"requires": {
				"buffer-from": "^1.0.0",
				"source-map": "^0.6.0"
			}
		},
		"stack-trace": {
			"version": "0.0.10",
			"resolved": "https://registry.npmjs.org/stack-trace/-/stack-trace-0.0.10.tgz",
			"integrity": "sha1-VHxws0fo0ytOEI6hoqFZ5f3eGcA="
		},
		"winston": {
			"version": "2.4.3",
			"resolved": "https://registry.npmjs.org/winston/-/winston-2.4.3.tgz",
			"integrity": "sha512-GYKuysPz2pxYAVJD2NPsDLP5Z79SDEzPm9/j4tCjkF/n89iBNGBMJcR+dMUqxgPNgoSs6fVygPi+Vl2oxIpBuw==",
			"requires": {
				"async": "~1.0.0",
				"colors": "1.0.x",
				"cycle": "1.0.x",
				"eyes": "0.1.x",
				"isstream": "0.1.x",
				"stack-trace": "0.0.x"
			}
		}
	}
}
