{
	"name": "wct-browser-legacy-test",
	"version": "1.0.0",
	"lockfileVersion": 1,
	"requires": true,
	"dependencies": {
		"@polymer/polymer": {
			"version": "3.0.5",
			"resolved": "https://registry.npmjs.org/@polymer/polymer/-/polymer-3.0.5.tgz",
			"integrity": "sha512-Zbmhtr5vZ3NoHWwFYLKI4ff7yfE6DZopI8vaS7HvmUIuNqsv/EpEDXfNEYjqePQmkMX5LU9OIKV1eX/+9aveow==",
			"dev": true,
			"requires": {
				"@webcomponents/shadycss": "1.5.0"
			}
		},
		"@webcomponents/shadycss": {
			"version": "1.5.0",
			"resolved": "https://registry.npmjs.org/@webcomponents/shadycss/-/shadycss-1.5.0.tgz",
			"integrity": "sha512-jNuC7alo3EfiqZPosCruJuMAaUI9qgiuGxFcFyPWjOpo4BP+vgC7hxpTzQYxbIWUgrqkn9lnfPup2hE9c/h/PQ==",
			"dev": true
		},
		"@webcomponents/webcomponentsjs": {
			"version": "2.1.1",
			"resolved": "https://registry.npmjs.org/@webcomponents/webcomponentsjs/-/webcomponentsjs-2.1.1.tgz",
			"integrity": "sha512-CgXV1O94jruR0YVijA55bP4SQBRvRKDmByWce47vCZIJ3HPHOph0VtjpO5vYEUyZzfadqfjICBMkZOagTT9XQw==",
			"dev": true
		}
	}
}
