{
	"name": "wct-browser-legacy-test",
	"version": "1.0.0",
	"lockfileVersion": 1,
	"requires": true,
	"dependencies": {
		"@polymer/polymer": {
			"version": "3.4.1",
			"resolved": "https://registry.npmjs.org/@polymer/polymer/-/polymer-3.4.1.tgz",
			"integrity": "sha512-KPWnhDZibtqKrUz7enIPOiO4ZQoJNOuLwqrhV2MXzIt3VVnUVJVG5ORz4Z2sgO+UZ+/UZnPD0jqY+jmw/+a9mQ==",
			"dev": true,
			"requires": {
				"@webcomponents/shadycss": "^1.9.1"
			}
		},
		"@webcomponents/shadycss": {
			"version": "1.9.6",
			"resolved": "https://registry.npmjs.org/@webcomponents/shadycss/-/shadycss-1.9.6.tgz",
			"integrity": "sha512-5fFjvP0jQJZoXK6YzYeYcIDGJ5oEsdjr1L9VaYLw5yxNd4aRz4srMpwCwldeNG0A6Hvr9igbG7fCsBeiiCXd7A==",
			"dev": true
		},
		"@webcomponents/webcomponentsjs": {
			"version": "2.4.3",
			"resolved": "https://registry.npmjs.org/@webcomponents/webcomponentsjs/-/webcomponentsjs-2.4.3.tgz",
			"integrity": "sha512-cV4+sAmshf8ysU2USutrSRYQkJzEYKHsRCGa0CkMElGpG5747VHtkfsW3NdVIBV/m2MDKXTDydT4lkrysH7IFA==",
			"dev": true
		}
	}
}
