{
	"name": "browser-capabilities",
	"version": "1.1.4",
	"lockfileVersion": 1,
	"requires": true,
	"dependencies": {
		"@types/node": {
			"version": "8.10.50",
			"resolved": "https://registry.npmjs.org/@types/node/-/node-8.10.50.tgz",
			"integrity": "sha512-+ZbcUwJdaBgOZpwXeT0v+gHC/jQbEfzoc9s4d0rN0JIKeQbuTrT+A2n1aQY6LpZjrLXJT7avVUqiCecCJeeZxA==",
			"dev": true
		},
		"@types/ua-parser-js": {
			"version": "0.7.33",
			"resolved": "https://registry.npmjs.org/@types/ua-parser-js/-/ua-parser-js-0.7.33.tgz",
			"integrity": "sha512-ngUKcHnytUodUCL7C6EZ+lVXUjTMQb+9p/e1JjV5tN9TVzS98lHozWEFRPY1QcCdwFeMsmVWfZ3DPPT/udCyIw=="
		},
		"semver": {
			"version": "5.7.0",
			"resolved": "https://registry.npmjs.org/semver/-/semver-5.7.0.tgz",
			"integrity": "sha512-Ya52jSX2u7QKghxeoFGpLwCtGlt7j0oY9DYb5apt9nPlJ42ID+ulTXESnt/qAQcoSERyZ5sl3LDIOw0nAn/5DA==",
			"dev": true
		},
		"source-map": {
			"version": "0.5.7",
			"resolved": "https://registry.npmjs.org/source-map/-/source-map-0.5.7.tgz",
			"integrity": "sha1-igOdLRAh0i0eoUyA2OpGi6LvP8w=",
			"dev": true
		},
		"source-map-support": {
			"version": "0.4.18",
			"resolved": "https://registry.npmjs.org/source-map-support/-/source-map-support-0.4.18.tgz",
			"integrity": "sha512-try0/JqxPLF9nOjvSta7tVondkP5dwgyLDjVoyMDlmjugT2lRZ1OfsrYTkCd2hkDnJTKRbO/Rl3orm8vlsUzbA==",
			"dev": true,
			"requires": {
				"source-map": "^0.5.6"
			}
		},
		"tsc-then": {
			"version": "1.1.0",
			"resolved": "https://registry.npmjs.org/tsc-then/-/tsc-then-1.1.0.tgz",
			"integrity": "sha512-830G8SK8tewOxfKVBC5YWqZ2C7wS1D4dh9267ebLxR7Gvh3UuI6aKU5Hxo+L3Kkcy6CuxZp4PMGl066DZ3Hlmw==",
			"dev": true,
			"requires": {
				"@types/node": "^8.0.53",
				"semver": "^5.4.1"
			}
		},
		"ua-parser-js": {
			"version": "0.7.24",
			"resolved": "https://registry.npmjs.org/ua-parser-js/-/ua-parser-js-0.7.24.tgz",
			"integrity": "sha512-yo+miGzQx5gakzVK3QFfN0/L9uVhosXBBO7qmnk7c2iw1IhL212wfA3zbnI54B0obGwC/5NWub/iT9sReMx+Fw=="
		}
	}
}
