{
	"name": "browser-capabilities",
	"version": "1.1.3",
	"lockfileVersion": 1,
	"requires": true,
	"dependencies": {
		"@types/node": {
			"version": "8.10.38",
			"resolved": "https://registry.npmjs.org/@types/node/-/node-8.10.38.tgz",
			"integrity": "sha512-EibsnbJerd0hBFaDjJStFrVbVBAtOy4dgL8zZFw0uOvPqzBAX59Ci8cgjg3+RgJIWhsB5A4c+pi+D4P9tQQh/A==",
			"dev": true
		},
		"@types/ua-parser-js": {
			"version": "0.7.32",
			"resolved": "https://registry.npmjs.org/@types/ua-parser-js/-/ua-parser-js-0.7.32.tgz",
			"integrity": "sha512-+z7Q72Mlnq6SFkQYHzLg2Z70pIsgRVzgx1b5PV8eUv5uaZ/zoqIs45XnhtToW4gTeX4FbjIP49nhIjyvPF4rPg=="
		},
		"semver": {
			"version": "5.6.0",
			"resolved": "https://registry.npmjs.org/semver/-/semver-5.6.0.tgz",
			"integrity": "sha512-RS9R6R35NYgQn++fkDWaOmqGoj4Ek9gGs+DPxNUZKuwE183xjJroKvyo1IzVFeXvUrvmALy6FWD5xrdJT25gMg==",
			"dev": true
		},
		"source-map": {
			"version": "0.5.7",
			"resolved": "https://registry.npmjs.org/source-map/-/source-map-0.5.7.tgz",
			"integrity": "sha1-igOdLRAh0i0eoUyA2OpGi6LvP8w=",
			"dev": true
		},
		"source-map-support": {
			"version": "0.4.18",
			"resolved": "https://registry.npmjs.org/source-map-support/-/source-map-support-0.4.18.tgz",
			"integrity": "sha512-try0/JqxPLF9nOjvSta7tVondkP5dwgyLDjVoyMDlmjugT2lRZ1OfsrYTkCd2hkDnJTKRbO/Rl3orm8vlsUzbA==",
			"dev": true,
			"requires": {
				"source-map": "^0.5.6"
			}
		},
		"tsc-then": {
			"version": "1.1.0",
			"resolved": "https://registry.npmjs.org/tsc-then/-/tsc-then-1.1.0.tgz",
			"integrity": "sha512-830G8SK8tewOxfKVBC5YWqZ2C7wS1D4dh9267ebLxR7Gvh3UuI6aKU5Hxo+L3Kkcy6CuxZp4PMGl066DZ3Hlmw==",
			"dev": true,
			"requires": {
				"@types/node": "^8.0.53",
				"semver": "^5.4.1"
			}
		},
		"ua-parser-js": {
			"version": "0.7.19",
			"resolved": "https://registry.npmjs.org/ua-parser-js/-/ua-parser-js-0.7.19.tgz",
			"integrity": "sha512-T3PVJ6uz8i0HzPxOF9SWzWAlfN/DavlpQqepn22xgve/5QecC+XMCAtmUNnY7C9StehaV6exjUCI801lOI7QlQ=="
		}
	}
}
