{
	"name": "@polymer/esm-amd-loader-test",
	"version": "0.1.0",
	"lockfileVersion": 1,
	"requires": true,
	"dependencies": {
		"@webcomponents/webcomponentsjs": {
			"version": "1.3.3",
			"resolved": "https://registry.npmjs.org/@webcomponents/webcomponentsjs/-/webcomponentsjs-1.3.3.tgz",
			"integrity": "sha512-eLH04VBMpuZGzBIhOnUjECcQPEPcmfhWEijW9u1B5I+2PPYdWf3vWUExdDxu4Y3GljRSTCOlWnGtS9tpzmXMyQ==",
			"dev": true
		}
	}
}
