{
	"name": "@polymer/esm-amd-loader-test",
	"version": "0.1.0",
	"lockfileVersion": 1,
	"requires": true,
	"dependencies": {
		"@webcomponents/webcomponentsjs": {
			"version": "1.2.7",
			"resolved": "https://registry.npmjs.org/@webcomponents/webcomponentsjs/-/webcomponentsjs-1.2.7.tgz",
			"integrity": "sha512-011DyXjpQoZ7f6oMCpYTYgrzsWJ7+0fEbt6Y8KcfZZa3ZdJ/ttoMgeH75SqHDe7aNdolfMhCvrSNNgh9wcsgpA==",
			"dev": true
		}
	}
}
