{
	"name": "@polymer/esm-amd-loader-test",
	"version": "0.1.0",
	"lockfileVersion": 1,
	"requires": true,
	"dependencies": {
		"@webcomponents/webcomponentsjs": {
			"version": "1.2.6",
			"resolved": "https://registry.npmjs.org/@webcomponents/webcomponentsjs/-/webcomponentsjs-1.2.6.tgz",
			"integrity": "sha512-Y51x0v50VzWGAbU0hEE9qzEcKeV1S8UXOPSwnxhlkRUblCZVjlis6grUGJbbJYtjEP5FlFyKvkCB1p4aQGPnmw==",
			"dev": true
		}
	}
}
