{
	"name": "polymer-editor-service",
	"version": "2.2.2",
	"lockfileVersion": 1,
	"requires": true,
	"dependencies": {
		"@types/clone": {
			"version": "0.1.30",
			"resolved": "https://registry.npmjs.org/@types/clone/-/clone-0.1.30.tgz",
			"integrity": "sha1-5zZWSMG0ITalnH1QQGN7O1yDthQ=",
			"dev": true
		},
		"@types/command-line-args": {
			"version": "5.0.0",
			"resolved": "https://registry.npmjs.org/@types/command-line-args/-/command-line-args-5.0.0.tgz",
			"integrity": "sha512-4eOPXyn5DmP64MCMF8ePDvdlvlzt2a+F8ZaVjqmh2yFCpGjc1kI3kGnCFYX9SCsGTjQcWIyVZ86IHCEyjy/MNg==",
			"dev": true
		},
		"@types/fuzzaldrin": {
			"version": "2.1.2",
			"resolved": "https://registry.npmjs.org/@types/fuzzaldrin/-/fuzzaldrin-2.1.2.tgz",
			"integrity": "sha512-VtsthdzyI2DDMgU8BnrOGjN+hfEfRL1j10pUJ2JBkHCOQIcyWsTMJk0WOKnaY929ubCgznKx/b4MTxevHKDxqw==",
			"dev": true
		},
		"@types/minimatch": {
			"version": "3.0.3",
			"resolved": "https://registry.npmjs.org/@types/minimatch/-/minimatch-3.0.3.tgz",
			"integrity": "sha512-tHq6qdbT9U1IRSGf14CL0pUlULksvY9OZ+5eEgl1N7t+OA3tGvNpxJCzuKQlsNgCVwbAs670L1vcVQi8j9HjnA=="
		},
		"@types/node": {
			"version": "12.0.5",
			"resolved": "https://registry.npmjs.org/@types/node/-/node-12.0.5.tgz",
			"integrity": "sha512-CFLSALoE+93+Hcb5pFjp0J1uMrrbLRe+L1+gFwerJ776R3TACSF0kTVRQ7AvRa7aFx70nqYHAc7wQPlt9kY2Mg=="
		},
		"@types/parse5": {
			"version": "2.2.34",
			"resolved": "https://registry.npmjs.org/@types/parse5/-/parse5-2.2.34.tgz",
			"integrity": "sha1-44cKEOgnNacg9i1x3NGDunjvOp0=",
			"requires": {
				"@types/node": "*"
			}
		},
		"@types/split": {
			"version": "0.3.28",
			"resolved": "https://registry.npmjs.org/@types/split/-/split-0.3.28.tgz",
			"integrity": "sha1-ZtA2Hb2XFbCT1rJ6TJmF2q3Myew=",
			"requires": {
				"@types/node": "*"
			}
		},
		"array-back": {
			"version": "3.1.0",
			"resolved": "https://registry.npmjs.org/array-back/-/array-back-3.1.0.tgz",
			"integrity": "sha512-TkuxA4UCOvxuDK6NZYXCalszEzj+TLszyASooky+i742l9TqsOdYCMJJupxRic61hwquNtppB3hgcuq9SVSH1Q=="
		},
		"async": {
			"version": "2.6.2",
			"resolved": "https://registry.npmjs.org/async/-/async-2.6.2.tgz",
			"integrity": "sha512-H1qVYh1MYhEEFLsP97cVKqCGo7KfCyTt6uEWqsTBr9SO84oK9Uwbyd/yCW+6rKJLHksBNUVWZDAjfS+Ccx0Bbg==",
			"requires": {
				"lodash": "^4.17.11"
			}
		},
		"balanced-match": {
			"version": "1.0.0",
			"resolved": "https://registry.npmjs.org/balanced-match/-/balanced-match-1.0.0.tgz",
			"integrity": "sha1-ibTRmasr7kneFk6gK4nORi1xt2c="
		},
		"brace-expansion": {
			"version": "1.1.11",
			"resolved": "https://registry.npmjs.org/brace-expansion/-/brace-expansion-1.1.11.tgz",
			"integrity": "sha512-iCuPHDFgrHX7H2vEI/5xpz07zSHB00TpugqhmYtVmMO6518mCuRMoOYFldEBl0g187ufozdaHgWKcYFb61qGiA==",
			"requires": {
				"balanced-match": "^1.0.0",
				"concat-map": "0.0.1"
			}
		},
		"clone": {
			"version": "2.1.2",
			"resolved": "https://registry.npmjs.org/clone/-/clone-2.1.2.tgz",
			"integrity": "sha1-G39Ln1kfHo+DZwQBYANFoCiHQ18=",
			"dev": true
		},
		"color": {
			"version": "3.0.0",
			"resolved": "https://registry.npmjs.org/color/-/color-3.0.0.tgz",
			"integrity": "sha512-jCpd5+s0s0t7p3pHQKpnJ0TpQKKdleP71LWcA0aqiljpiuAkOSUFN/dyH8ZwF0hRmFlrIuRhufds1QyEP9EB+w==",
			"requires": {
				"color-convert": "^1.9.1",
				"color-string": "^1.5.2"
			}
		},
		"color-convert": {
			"version": "1.9.3",
			"resolved": "https://registry.npmjs.org/color-convert/-/color-convert-1.9.3.tgz",
			"integrity": "sha512-QfAUtd+vFdAtFQcC8CCyYt1fYWxSqAiK2cSD6zDB8N3cpsEBAvRxp9zOGg6G/SHHJYAT88/az/IuDGALsNVbGg==",
			"requires": {
				"color-name": "1.1.3"
			}
		},
		"color-name": {
			"version": "1.1.3",
			"resolved": "https://registry.npmjs.org/color-name/-/color-name-1.1.3.tgz",
			"integrity": "sha1-p9BVi9icQveV3UIyj3QIMcpTvCU="
		},
		"color-string": {
			"version": "1.5.3",
			"resolved": "https://registry.npmjs.org/color-string/-/color-string-1.5.3.tgz",
			"integrity": "sha512-dC2C5qeWoYkxki5UAXapdjqO672AM4vZuPGRQfO8b5HKuKGBbKWpITyDYN7TOFKvRW7kOgAn3746clDBMDJyQw==",
			"requires": {
				"color-name": "^1.0.0",
				"simple-swizzle": "^0.2.2"
			}
		},
		"colornames": {
			"version": "1.1.1",
			"resolved": "https://registry.npmjs.org/colornames/-/colornames-1.1.1.tgz",
			"integrity": "sha1-+IiQMGhcfE/54qVZ9Qd+t2qBb5Y="
		},
		"colors": {
			"version": "1.3.3",
			"resolved": "https://registry.npmjs.org/colors/-/colors-1.3.3.tgz",
			"integrity": "sha512-mmGt/1pZqYRjMxB1axhTo16/snVZ5krrKkcmMeVKxzECMMXoCgnvTPp10QgHfcbQZw8Dq2jMNG6je4JlWU0gWg=="
		},
		"colorspace": {
			"version": "1.1.2",
			"resolved": "https://registry.npmjs.org/colorspace/-/colorspace-1.1.2.tgz",
			"integrity": "sha512-vt+OoIP2d76xLhjwbBaucYlNSpPsrJWPlBTtwCpQKIu6/CSMutyzX93O/Do0qzpH3YoHEes8YEFXyZ797rEhzQ==",
			"requires": {
				"color": "3.0.x",
				"text-hex": "1.0.x"
			}
		},
		"command-line-args": {
			"version": "5.1.1",
			"resolved": "https://registry.npmjs.org/command-line-args/-/command-line-args-5.1.1.tgz",
			"integrity": "sha512-hL/eG8lrll1Qy1ezvkant+trihbGnaKaeEjj6Scyr3DN+RC7iQ5Rz84IeLERfAWDGo0HBSNAakczwgCilDXnWg==",
			"requires": {
				"array-back": "^3.0.1",
				"find-replace": "^3.0.0",
				"lodash.camelcase": "^4.3.0",
				"typical": "^4.0.0"
			}
		},
		"concat-map": {
			"version": "0.0.1",
			"resolved": "https://registry.npmjs.org/concat-map/-/concat-map-0.0.1.tgz",
			"integrity": "sha1-2Klr13/Wjfd5OnMDajug1UBdR3s="
		},
		"core-util-is": {
			"version": "1.0.2",
			"resolved": "https://registry.npmjs.org/core-util-is/-/core-util-is-1.0.2.tgz",
			"integrity": "sha1-tf1UIgqivFq1eqtxQMlAdUUDwac="
		},
		"diagnostics": {
			"version": "1.1.1",
			"resolved": "https://registry.npmjs.org/diagnostics/-/diagnostics-1.1.1.tgz",
			"integrity": "sha512-8wn1PmdunLJ9Tqbx+Fx/ZEuHfJf4NKSN2ZBj7SJC/OWRWha843+WsTjqMe1B5E3p28jqBlp+mJ2fPVxPyNgYKQ==",
			"requires": {
				"colorspace": "1.1.x",
				"enabled": "1.0.x",
				"kuler": "1.0.x"
			}
		},
		"enabled": {
			"version": "1.0.2",
			"resolved": "https://registry.npmjs.org/enabled/-/enabled-1.0.2.tgz",
			"integrity": "sha1-ll9lE9LC0cX0ZStkouM5ZGf8L5M=",
			"requires": {
				"env-variable": "0.0.x"
			}
		},
		"env-variable": {
			"version": "0.0.5",
			"resolved": "https://registry.npmjs.org/env-variable/-/env-variable-0.0.5.tgz",
			"integrity": "sha512-zoB603vQReOFvTg5xMl9I1P2PnHsHQQKTEowsKKD7nseUfJq6UWzK+4YtlWUO1nhiQUxe6XMkk+JleSZD1NZFA=="
		},
		"fast-safe-stringify": {
			"version": "2.0.6",
			"resolved": "https://registry.npmjs.org/fast-safe-stringify/-/fast-safe-stringify-2.0.6.tgz",
			"integrity": "sha512-q8BZ89jjc+mz08rSxROs8VsrBBcn1SIw1kq9NjolL509tkABRk9io01RAjSaEv1Xb2uFLt8VtRiZbGp5H8iDtg=="
		},
		"fecha": {
			"version": "2.3.3",
			"resolved": "https://registry.npmjs.org/fecha/-/fecha-2.3.3.tgz",
			"integrity": "sha512-lUGBnIamTAwk4znq5BcqsDaxSmZ9nDVJaij6NvRt/Tg4R69gERA+otPKbS86ROw9nxVMw2/mp1fnaiWqbs6Sdg=="
		},
		"find-replace": {
			"version": "3.0.0",
			"resolved": "https://registry.npmjs.org/find-replace/-/find-replace-3.0.0.tgz",
			"integrity": "sha512-6Tb2myMioCAgv5kfvP5/PkZZ/ntTpVK39fHY7WkWBgvbeE+VHd/tZuZ4mrC+bxh4cfOZeYKVPaJIZtZXV7GNCQ==",
			"requires": {
				"array-back": "^3.0.1"
			}
		},
		"fuzzaldrin": {
			"version": "2.1.0",
			"resolved": "https://registry.npmjs.org/fuzzaldrin/-/fuzzaldrin-2.1.0.tgz",
			"integrity": "sha1-kCBMPi/appQbso0WZF1BgGOpDps="
		},
		"inherits": {
			"version": "2.0.3",
			"resolved": "https://registry.npmjs.org/inherits/-/inherits-2.0.3.tgz",
			"integrity": "sha1-Yzwsg+PaQqUC9SRmAiSA9CCCYd4="
		},
		"is-arrayish": {
			"version": "0.3.2",
			"resolved": "https://registry.npmjs.org/is-arrayish/-/is-arrayish-0.3.2.tgz",
			"integrity": "sha512-eVRqCvVlZbuw3GrM63ovNSNAeA1K16kaR/LRY/92w0zxQ5/1YzwblUX652i4Xs9RwAGjW9d9y6X88t8OaAJfWQ=="
		},
		"is-stream": {
			"version": "1.1.0",
			"resolved": "https://registry.npmjs.org/is-stream/-/is-stream-1.1.0.tgz",
			"integrity": "sha1-EtSj3U5o4Lec6428hBc66A2RykQ="
		},
		"isarray": {
			"version": "1.0.0",
			"resolved": "https://registry.npmjs.org/isarray/-/isarray-1.0.0.tgz",
			"integrity": "sha1-u5NdSFgsuhaMBoNJV6VKPgcSTxE="
		},
		"kuler": {
			"version": "1.0.1",
			"resolved": "https://registry.npmjs.org/kuler/-/kuler-1.0.1.tgz",
			"integrity": "sha512-J9nVUucG1p/skKul6DU3PUZrhs0LPulNaeUOox0IyXDi8S4CztTHs1gQphhuZmzXG7VOQSf6NJfKuzteQLv9gQ==",
			"requires": {
				"colornames": "^1.1.1"
			}
		},
		"lodash": {
			"version": "4.17.11",
			"resolved": "https://registry.npmjs.org/lodash/-/lodash-4.17.11.tgz",
			"integrity": "sha512-cQKh8igo5QUhZ7lg38DYWAxMvjSAKG0A8wGSVimP07SIUEK2UO+arSRKbRZWtelMtN5V0Hkwh5ryOto/SshYIg=="
		},
		"lodash.camelcase": {
			"version": "4.3.0",
			"resolved": "https://registry.npmjs.org/lodash.camelcase/-/lodash.camelcase-4.3.0.tgz",
			"integrity": "sha1-soqmKIorn8ZRA1x3EfZathkDMaY="
		},
		"logform": {
			"version": "1.10.0",
			"resolved": "https://registry.npmjs.org/logform/-/logform-1.10.0.tgz",
			"integrity": "sha512-em5ojIhU18fIMOw/333mD+ZLE2fis0EzXl1ZwHx4iQzmpQi6odNiY/t+ITNr33JZhT9/KEaH+UPIipr6a9EjWg==",
			"requires": {
				"colors": "^1.2.1",
				"fast-safe-stringify": "^2.0.4",
				"fecha": "^2.3.3",
				"ms": "^2.1.1",
				"triple-beam": "^1.2.0"
			}
		},
		"memory-streams": {
			"version": "0.1.3",
			"resolved": "https://registry.npmjs.org/memory-streams/-/memory-streams-0.1.3.tgz",
			"integrity": "sha512-qVQ/CjkMyMInPaaRMrwWNDvf6boRZXaT/DbQeMYcCWuXPEBf1v8qChOc9OlEVQp2uOvRXa1Qu30fLmKhY6NipA==",
			"dev": true,
			"requires": {
				"readable-stream": "~1.0.2"
			},
			"dependencies": {
				"isarray": {
					"version": "0.0.1",
					"resolved": "https://registry.npmjs.org/isarray/-/isarray-0.0.1.tgz",
					"integrity": "sha1-ihis/Kmo9Bd+Cav8YDiTmwXR7t8=",
					"dev": true
				},
				"readable-stream": {
					"version": "1.0.34",
					"resolved": "https://registry.npmjs.org/readable-stream/-/readable-stream-1.0.34.tgz",
					"integrity": "sha1-Elgg40vIQtLyqq+v5MKRbuMsFXw=",
					"dev": true,
					"requires": {
						"core-util-is": "~1.0.0",
						"inherits": "~2.0.1",
						"isarray": "0.0.1",
						"string_decoder": "~0.10.x"
					}
				},
				"string_decoder": {
					"version": "0.10.31",
					"resolved": "https://registry.npmjs.org/string_decoder/-/string_decoder-0.10.31.tgz",
					"integrity": "sha1-YuIDvEF2bGwoyfyEMB2rHFMQ+pQ=",
					"dev": true
				}
			}
		},
		"minimatch": {
			"version": "3.0.4",
			"resolved": "https://registry.npmjs.org/minimatch/-/minimatch-3.0.4.tgz",
			"integrity": "sha512-yJHVQEhyqPLUTgt9B83PXu6W3rx4MvvHvSUvToogpwoGDOUQ+yDrR0HRot+yOCdCO7u4hX3pWft6kWBBcqh0UA==",
			"requires": {
				"brace-expansion": "^1.1.7"
			}
		},
		"ms": {
			"version": "2.1.1",
			"resolved": "https://registry.npmjs.org/ms/-/ms-2.1.1.tgz",
			"integrity": "sha512-tgp+dl5cGk28utYktBsrFqA7HKgrhgPsg6Z/EfhWI4gl1Hwq8B/GmY/0oXZ6nF8hDVesS/FpnYaD/kOWhYQvyg=="
		},
		"one-time": {
			"version": "0.0.4",
			"resolved": "https://registry.npmjs.org/one-time/-/one-time-0.0.4.tgz",
			"integrity": "sha1-+M33eISCb+Tf+T46nMN7HkSAdC4="
		},
		"parse5": {
			"version": "4.0.0",
			"resolved": "https://registry.npmjs.org/parse5/-/parse5-4.0.0.tgz",
			"integrity": "sha512-VrZ7eOd3T1Fk4XWNXMgiGBK/z0MG48BWG2uQNU4I72fkQuKUTZpl+u9k+CxEG0twMVzSmXEEz12z5Fnw1jIQFA=="
		},
		"plylog": {
			"version": "1.1.0",
			"resolved": "https://registry.npmjs.org/plylog/-/plylog-1.1.0.tgz",
			"integrity": "sha512-/QnY5aSVaP54va6hruzNtAj02HpsLlAt7V5EndMrtq6ZUTZJKUja43rgiUtGXqm95yrSJjbZoPW0yQQQwLpoJA==",
			"requires": {
				"logform": "^1.9.1",
				"winston": "^3.0.0",
				"winston-transport": "^4.2.0"
			}
		},
		"process-nextick-args": {
			"version": "2.0.0",
			"resolved": "https://registry.npmjs.org/process-nextick-args/-/process-nextick-args-2.0.0.tgz",
			"integrity": "sha512-MtEC1TqN0EU5nephaJ4rAtThHtC86dNN9qCuEhtshvpVBkAW5ZO7BASN9REnF9eoXGcRub+pFuKEpOHE+HbEMw=="
		},
		"readable-stream": {
			"version": "3.4.0",
			"resolved": "https://registry.npmjs.org/readable-stream/-/readable-stream-3.4.0.tgz",
			"integrity": "sha512-jItXPLmrSR8jmTRmRWJXCnGJsfy85mB3Wd/uINMXA65yrnFo0cPClFIUWzo2najVNSl+mx7/4W8ttlLWJe99pQ==",
			"requires": {
				"inherits": "^2.0.3",
				"string_decoder": "^1.1.1",
				"util-deprecate": "^1.0.1"
			}
		},
		"safe-buffer": {
			"version": "5.1.2",
			"resolved": "https://registry.npmjs.org/safe-buffer/-/safe-buffer-5.1.2.tgz",
			"integrity": "sha512-Gd2UZBJDkXlY7GbJxfsE8/nvKkUEU1G38c1siN6QP6a9PT9MmHB8GnpscSmMJSoF8LOIrt8ud/wPtojys4G6+g=="
		},
		"semver": {
			"version": "5.7.0",
			"resolved": "https://registry.npmjs.org/semver/-/semver-5.7.0.tgz",
			"integrity": "sha512-Ya52jSX2u7QKghxeoFGpLwCtGlt7j0oY9DYb5apt9nPlJ42ID+ulTXESnt/qAQcoSERyZ5sl3LDIOw0nAn/5DA=="
		},
		"shady-css-parser": {
			"version": "0.1.0",
			"resolved": "https://registry.npmjs.org/shady-css-parser/-/shady-css-parser-0.1.0.tgz",
			"integrity": "sha512-irfJUUkEuDlNHKZNAp2r7zOyMlmbfVJ+kWSfjlCYYUx/7dJnANLCyTzQZsuxy5NJkvtNwSxY5Gj8MOlqXUQPyA=="
		},
		"simple-swizzle": {
			"version": "0.2.2",
			"resolved": "https://registry.npmjs.org/simple-swizzle/-/simple-swizzle-0.2.2.tgz",
			"integrity": "sha1-pNprY1/8zMoz9w0Xy5JZLeleVXo=",
			"requires": {
				"is-arrayish": "^0.3.1"
			}
		},
		"source-map": {
			"version": "0.5.7",
			"resolved": "https://registry.npmjs.org/source-map/-/source-map-0.5.7.tgz",
			"integrity": "sha1-igOdLRAh0i0eoUyA2OpGi6LvP8w=",
			"dev": true
		},
		"source-map-support": {
			"version": "0.4.18",
			"resolved": "https://registry.npmjs.org/source-map-support/-/source-map-support-0.4.18.tgz",
			"integrity": "sha512-try0/JqxPLF9nOjvSta7tVondkP5dwgyLDjVoyMDlmjugT2lRZ1OfsrYTkCd2hkDnJTKRbO/Rl3orm8vlsUzbA==",
			"dev": true,
			"requires": {
				"source-map": "^0.5.6"
			}
		},
		"split": {
			"version": "1.0.1",
			"resolved": "https://registry.npmjs.org/split/-/split-1.0.1.tgz",
			"integrity": "sha512-mTyOoPbrivtXnwnIxZRFYRrPNtEFKlpB2fvjSnCQUiAA6qAZzqwna5envK4uk6OIeP17CsdF3rSBGYVBsU0Tkg==",
			"requires": {
				"through": "2"
			}
		},
		"stack-trace": {
			"version": "0.0.10",
			"resolved": "https://registry.npmjs.org/stack-trace/-/stack-trace-0.0.10.tgz",
			"integrity": "sha1-VHxws0fo0ytOEI6hoqFZ5f3eGcA="
		},
		"string_decoder": {
			"version": "1.2.0",
			"resolved": "https://registry.npmjs.org/string_decoder/-/string_decoder-1.2.0.tgz",
			"integrity": "sha512-6YqyX6ZWEYguAxgZzHGL7SsCeGx3V2TtOTqZz1xSTSWnqsbWwbptafNyvf/ACquZUXV3DANr5BDIwNYe1mN42w==",
			"requires": {
				"safe-buffer": "~5.1.0"
			}
		},
		"text-hex": {
			"version": "1.0.0",
			"resolved": "https://registry.npmjs.org/text-hex/-/text-hex-1.0.0.tgz",
			"integrity": "sha512-uuVGNWzgJ4yhRaNSiubPY7OjISw4sw4E5Uv0wbjp+OzcbmVU/rsT8ujgcXJhn9ypzsgr5vlzpPqP+MBBKcGvbg=="
		},
		"through": {
			"version": "2.3.8",
			"resolved": "https://registry.npmjs.org/through/-/through-2.3.8.tgz",
			"integrity": "sha1-DdTJ/6q8NXlgsbckEV1+Doai4fU="
		},
		"triple-beam": {
			"version": "1.3.0",
			"resolved": "https://registry.npmjs.org/triple-beam/-/triple-beam-1.3.0.tgz",
			"integrity": "sha512-XrHUvV5HpdLmIj4uVMxHggLbFSZYIn7HEWsqePZcI50pco+MPqJ50wMGY794X7AOOhxOBAjbkqfAbEe/QMp2Lw=="
		},
		"tsc-then": {
			"version": "1.1.0",
			"resolved": "https://registry.npmjs.org/tsc-then/-/tsc-then-1.1.0.tgz",
			"integrity": "sha512-830G8SK8tewOxfKVBC5YWqZ2C7wS1D4dh9267ebLxR7Gvh3UuI6aKU5Hxo+L3Kkcy6CuxZp4PMGl066DZ3Hlmw==",
			"dev": true,
			"requires": {
				"@types/node": "^8.0.53",
				"semver": "^5.4.1"
			},
			"dependencies": {
				"@types/node": {
					"version": "8.10.49",
					"resolved": "https://registry.npmjs.org/@types/node/-/node-8.10.49.tgz",
					"integrity": "sha512-YX30JVx0PvSmJ3Eqr74fYLGeBxD+C7vIL20ek+GGGLJeUbVYRUW3EzyAXpIRA0K8c8o0UWqR/GwEFYiFoz1T8w==",
					"dev": true
				}
			}
		},
		"typical": {
			"version": "4.0.0",
			"resolved": "https://registry.npmjs.org/typical/-/typical-4.0.0.tgz",
			"integrity": "sha512-VAH4IvQ7BDFYglMd7BPRDfLgxZZX4O4TFcRDA6EN5X7erNJJq+McIEp8np9aVtxrCJ6qx4GTYVfOWNjcqwZgRw=="
		},
		"util-deprecate": {
			"version": "1.0.2",
			"resolved": "https://registry.npmjs.org/util-deprecate/-/util-deprecate-1.0.2.tgz",
			"integrity": "sha1-RQ1Nyfpw3nMnYvvS1KKJgUGaDM8="
		},
		"vscode-jsonrpc": {
			"version": "4.0.0",
			"resolved": "https://registry.npmjs.org/vscode-jsonrpc/-/vscode-jsonrpc-4.0.0.tgz",
			"integrity": "sha512-perEnXQdQOJMTDFNv+UF3h1Y0z4iSiaN9jIlb0OqIYgosPCZGYh/MCUlkFtV2668PL69lRDO32hmvL2yiidUYg=="
		},
		"vscode-languageserver": {
			"version": "4.4.2",
			"resolved": "https://registry.npmjs.org/vscode-languageserver/-/vscode-languageserver-4.4.2.tgz",
			"integrity": "sha512-61y8Raevi9EigDgg9NelvT9cUAohiEbUl1LOwQQgOCAaNX62yKny/ddi0uC+FUTm4CzsjhBu+06R+vYgfCYReA==",
			"requires": {
				"vscode-languageserver-protocol": "^3.10.3",
				"vscode-uri": "^1.0.5"
			}
		},
		"vscode-languageserver-protocol": {
			"version": "3.14.1",
			"resolved": "https://registry.npmjs.org/vscode-languageserver-protocol/-/vscode-languageserver-protocol-3.14.1.tgz",
			"integrity": "sha512-IL66BLb2g20uIKog5Y2dQ0IiigW0XKrvmWiOvc0yXw80z3tMEzEnHjaGAb3ENuU7MnQqgnYJ1Cl2l9RvNgDi4g==",
			"requires": {
				"vscode-jsonrpc": "^4.0.0",
				"vscode-languageserver-types": "3.14.0"
			}
		},
		"vscode-languageserver-types": {
			"version": "3.14.0",
			"resolved": "https://registry.npmjs.org/vscode-languageserver-types/-/vscode-languageserver-types-3.14.0.tgz",
			"integrity": "sha512-lTmS6AlAlMHOvPQemVwo3CezxBp0sNB95KNPkqp3Nxd5VFEnuG1ByM0zlRWos0zjO3ZWtkvhal0COgiV1xIA4A=="
		},
		"vscode-uri": {
			"version": "1.0.6",
			"resolved": "https://registry.npmjs.org/vscode-uri/-/vscode-uri-1.0.6.tgz",
			"integrity": "sha512-sLI2L0uGov3wKVb9EB+vIQBl9tVP90nqRvxSoJ35vI3NjxE8jfsE5DSOhWgSunHSZmKS4OCi2jrtfxK7uyp2ww=="
		},
		"winston": {
			"version": "3.2.1",
			"resolved": "https://registry.npmjs.org/winston/-/winston-3.2.1.tgz",
			"integrity": "sha512-zU6vgnS9dAWCEKg/QYigd6cgMVVNwyTzKs81XZtTFuRwJOcDdBg7AU0mXVyNbs7O5RH2zdv+BdNZUlx7mXPuOw==",
			"requires": {
				"async": "^2.6.1",
				"diagnostics": "^1.1.1",
				"is-stream": "^1.1.0",
				"logform": "^2.1.1",
				"one-time": "0.0.4",
				"readable-stream": "^3.1.1",
				"stack-trace": "0.0.x",
				"triple-beam": "^1.3.0",
				"winston-transport": "^4.3.0"
			},
			"dependencies": {
				"logform": {
					"version": "2.1.2",
					"resolved": "https://registry.npmjs.org/logform/-/logform-2.1.2.tgz",
					"integrity": "sha512-+lZh4OpERDBLqjiwDLpAWNQu6KMjnlXH2ByZwCuSqVPJletw0kTWJf5CgSNAUKn1KUkv3m2cUz/LK8zyEy7wzQ==",
					"requires": {
						"colors": "^1.2.1",
						"fast-safe-stringify": "^2.0.4",
						"fecha": "^2.3.3",
						"ms": "^2.1.1",
						"triple-beam": "^1.3.0"
					}
				}
			}
		},
		"winston-transport": {
			"version": "4.3.0",
			"resolved": "https://registry.npmjs.org/winston-transport/-/winston-transport-4.3.0.tgz",
			"integrity": "sha512-B2wPuwUi3vhzn/51Uukcao4dIduEiPOcOt9HJ3QeaXgkJ5Z7UwpBzxS4ZGNHtrxrUvTwemsQiSys0ihOf8Mp1A==",
			"requires": {
				"readable-stream": "^2.3.6",
				"triple-beam": "^1.2.0"
			},
			"dependencies": {
				"readable-stream": {
					"version": "2.3.6",
					"resolved": "https://registry.npmjs.org/readable-stream/-/readable-stream-2.3.6.tgz",
					"integrity": "sha512-tQtKA9WIAhBF3+VLAseyMqZeBjW0AHJoxOtYqSUZNJxauErmLbVm2FW1y+J/YA9dUrAC39ITejlZWhVIwawkKw==",
					"requires": {
						"core-util-is": "~1.0.0",
						"inherits": "~2.0.3",
						"isarray": "~1.0.0",
						"process-nextick-args": "~2.0.0",
						"safe-buffer": "~5.1.1",
						"string_decoder": "~1.1.1",
						"util-deprecate": "~1.0.1"
					}
				},
				"string_decoder": {
					"version": "1.1.1",
					"resolved": "https://registry.npmjs.org/string_decoder/-/string_decoder-1.1.1.tgz",
					"integrity": "sha512-n/ShnvDi6FHbbVfviro+WojiFzv+s8MPMHBczVePfUpDJLwoLT0ht1l4YwBCbi8pJAveEEdnkHyPyTP/mzRfwg==",
					"requires": {
						"safe-buffer": "~5.1.0"
					}
				}
			}
		}
	}
}
