{
	"name": "cleankill",
	"version": "2.0.0",
	"lockfileVersion": 1,
	"requires": true,
	"dependencies": {
		"@types/node": {
			"version": "8.10.21",
			"resolved": "https://registry.npmjs.org/@types/node/-/node-8.10.21.tgz",
			"integrity": "sha512-87XkD9qDXm8fIax+5y7drx84cXsu34ZZqfB7Cial3Q/2lxSoJ/+DRaWckkCbxP41wFSIrrb939VhzaNxj4eY1w=="
		}
	}
}
