{
	"name": "cleankill",
	"version": "2.0.0",
	"lockfileVersion": 1,
	"requires": true,
	"dependencies": {
		"@types/node": {
			"version": "8.10.20",
			"resolved": "https://registry.npmjs.org/@types/node/-/node-8.10.20.tgz",
			"integrity": "sha512-M7x8+5D1k/CuA6jhiwuSCmE8sbUWJF0wYsjcig9WrXvwUI5ArEoUBdOXpV4JcEMrLp02/QbDjw+kI+vQeKyQgg=="
		}
	}
}
