{
	"name": "polymer-linter",
	"version": "3.0.1",
	"lockfileVersion": 1,
	"requires": true,
	"dependencies": {
		"@types/babel-traverse": {
			"version": "6.25.4",
			"resolved": "https://registry.npmjs.org/@types/babel-traverse/-/babel-traverse-6.25.4.tgz",
			"integrity": "sha512-+/670NaZE7qPvdh8EtGds32/2uHFKE5JeS+7ePH6nGwF8Wj8r671/RkTiJQP2k22nFntWEb9xQ11MFj7xEqI0g==",
			"dev": true,
			"requires": {
				"@types/babel-types": "*"
			}
		},
		"@types/babel-types": {
			"version": "6.25.2",
			"resolved": "https://registry.npmjs.org/@types/babel-types/-/babel-types-6.25.2.tgz",
			"integrity": "sha512-+3bMuktcY4a70a0KZc8aPJlEOArPuAKQYHU5ErjkOqGJdx8xuEEVK6nWogqigBOJ8nKPxRpyCUDTCPmZ3bUxGA==",
			"dev": true
		},
		"@types/clone": {
			"version": "0.1.30",
			"resolved": "https://registry.npmjs.org/@types/clone/-/clone-0.1.30.tgz",
			"integrity": "sha1-5zZWSMG0ITalnH1QQGN7O1yDthQ=",
			"dev": true
		},
		"@types/fast-levenshtein": {
			"version": "0.0.1",
			"resolved": "https://registry.npmjs.org/@types/fast-levenshtein/-/fast-levenshtein-0.0.1.tgz",
			"integrity": "sha1-OjYVzxc2Rcj8pY0FHk4ygk5L0oY="
		},
		"@types/node": {
			"version": "8.10.21",
			"resolved": "https://registry.npmjs.org/@types/node/-/node-8.10.21.tgz",
			"integrity": "sha512-87XkD9qDXm8fIax+5y7drx84cXsu34ZZqfB7Cial3Q/2lxSoJ/+DRaWckkCbxP41wFSIrrb939VhzaNxj4eY1w==",
			"dev": true
		},
		"@types/parse5": {
			"version": "2.2.34",
			"resolved": "https://registry.npmjs.org/@types/parse5/-/parse5-2.2.34.tgz",
			"integrity": "sha1-44cKEOgnNacg9i1x3NGDunjvOp0=",
			"requires": {
				"@types/node": "*"
			},
			"dependencies": {
				"@types/node": {
					"version": "10.5.2",
					"resolved": "https://registry.npmjs.org/@types/node/-/node-10.5.2.tgz",
					"integrity": "sha512-m9zXmifkZsMHZBOyxZWilMwmTlpC8x5Ty360JKTiXvlXZfBWYpsg9ZZvP/Ye+iZUh+Q+MxDLjItVTWIsfwz+8Q=="
				}
			}
		},
		"ansi-regex": {
			"version": "2.1.1",
			"resolved": "https://registry.npmjs.org/ansi-regex/-/ansi-regex-2.1.1.tgz",
			"integrity": "sha1-w7M6te42DYbg5ijwRorn7yfWVN8="
		},
		"ansi-styles": {
			"version": "2.2.1",
			"resolved": "https://registry.npmjs.org/ansi-styles/-/ansi-styles-2.2.1.tgz",
			"integrity": "sha1-tDLdM1i2NM914eRmQ2gkBTPB3b4="
		},
		"array-find-index": {
			"version": "1.0.2",
			"resolved": "https://registry.npmjs.org/array-find-index/-/array-find-index-1.0.2.tgz",
			"integrity": "sha1-3wEKoSh+Fku9pvlyOwqWoexBh6E="
		},
		"async": {
			"version": "1.5.2",
			"resolved": "https://registry.npmjs.org/async/-/async-1.5.2.tgz",
			"integrity": "sha1-7GphrlZIDAw8skHJVhjiCJL5Zyo=",
			"dev": true
		},
		"babel-code-frame": {
			"version": "6.26.0",
			"resolved": "https://registry.npmjs.org/babel-code-frame/-/babel-code-frame-6.26.0.tgz",
			"integrity": "sha1-Y/1D99weO7fONZR9uP42mj9Yx0s=",
			"requires": {
				"chalk": "^1.1.3",
				"esutils": "^2.0.2",
				"js-tokens": "^3.0.2"
			}
		},
		"babel-messages": {
			"version": "6.23.0",
			"resolved": "https://registry.npmjs.org/babel-messages/-/babel-messages-6.23.0.tgz",
			"integrity": "sha1-8830cDhYA1sqKVHG7F7fbGLyYw4=",
			"requires": {
				"babel-runtime": "^6.22.0"
			}
		},
		"babel-runtime": {
			"version": "6.26.0",
			"resolved": "https://registry.npmjs.org/babel-runtime/-/babel-runtime-6.26.0.tgz",
			"integrity": "sha1-llxwWGaOgrVde/4E/yM3vItWR/4=",
			"requires": {
				"core-js": "^2.4.0",
				"regenerator-runtime": "^0.11.0"
			}
		},
		"babel-traverse": {
			"version": "6.26.0",
			"resolved": "https://registry.npmjs.org/babel-traverse/-/babel-traverse-6.26.0.tgz",
			"integrity": "sha1-RqnL1+3MYsjlwGTi0tjQ9ANXZu4=",
			"requires": {
				"babel-code-frame": "^6.26.0",
				"babel-messages": "^6.23.0",
				"babel-runtime": "^6.26.0",
				"babel-types": "^6.26.0",
				"babylon": "^6.18.0",
				"debug": "^2.6.8",
				"globals": "^9.18.0",
				"invariant": "^2.2.2",
				"lodash": "^4.17.4"
			}
		},
		"babel-types": {
			"version": "6.26.0",
			"resolved": "https://registry.npmjs.org/babel-types/-/babel-types-6.26.0.tgz",
			"integrity": "sha1-o7Bz+Uq0nrb6Vc1lInozQ4BjJJc=",
			"requires": {
				"babel-runtime": "^6.26.0",
				"esutils": "^2.0.2",
				"lodash": "^4.17.4",
				"to-fast-properties": "^1.0.3"
			}
		},
		"babylon": {
			"version": "6.18.0",
			"resolved": "https://registry.npmjs.org/babylon/-/babylon-6.18.0.tgz",
			"integrity": "sha512-q/UEjfGJ2Cm3oKV71DJz9d25TPnq5rhBVL2Q4fA5wcC3jcrdn7+SssEybFIxwAvvP+YCsCYNKughoF33GxgycQ=="
		},
		"balanced-match": {
			"version": "1.0.0",
			"resolved": "https://registry.npmjs.org/balanced-match/-/balanced-match-1.0.0.tgz",
			"integrity": "sha1-ibTRmasr7kneFk6gK4nORi1xt2c=",
			"dev": true
		},
		"bower": {
			"version": "1.8.4",
			"resolved": "https://registry.npmjs.org/bower/-/bower-1.8.4.tgz",
			"integrity": "sha1-54dqB23rgTf30GUl3F6MZtuC8oo=",
			"dev": true
		},
		"brace-expansion": {
			"version": "1.1.11",
			"resolved": "https://registry.npmjs.org/brace-expansion/-/brace-expansion-1.1.11.tgz",
			"integrity": "sha512-iCuPHDFgrHX7H2vEI/5xpz07zSHB00TpugqhmYtVmMO6518mCuRMoOYFldEBl0g187ufozdaHgWKcYFb61qGiA==",
			"dev": true,
			"requires": {
				"balanced-match": "^1.0.0",
				"concat-map": "0.0.1"
			}
		},
		"builtin-modules": {
			"version": "1.1.1",
			"resolved": "https://registry.npmjs.org/builtin-modules/-/builtin-modules-1.1.1.tgz",
			"integrity": "sha1-Jw8HbFpywC9bZaR9+Uxf46J4iS8="
		},
		"camelcase": {
			"version": "2.1.1",
			"resolved": "https://registry.npmjs.org/camelcase/-/camelcase-2.1.1.tgz",
			"integrity": "sha1-fB0W1nmhu+WcoCys7PsBHiAfWh8="
		},
		"camelcase-keys": {
			"version": "2.1.0",
			"resolved": "https://registry.npmjs.org/camelcase-keys/-/camelcase-keys-2.1.0.tgz",
			"integrity": "sha1-MIvur/3ygRkFHvodkyITyRuPkuc=",
			"requires": {
				"camelcase": "^2.0.0",
				"map-obj": "^1.0.0"
			}
		},
		"cancel-token": {
			"version": "0.1.1",
			"resolved": "https://registry.npmjs.org/cancel-token/-/cancel-token-0.1.1.tgz",
			"integrity": "sha1-wYGXZ0uxyEwdaTPr8V2NWlznm08=",
			"requires": {
				"@types/node": "^4.0.30"
			},
			"dependencies": {
				"@types/node": {
					"version": "4.2.23",
					"resolved": "https://registry.npmjs.org/@types/node/-/node-4.2.23.tgz",
					"integrity": "sha512-U6IchCNLRyswc9p6G6lxWlbE+KwAhZp6mGo6MD2yWpmFomhYmetK+c98OpKyvphNn04CU3aXeJrXdOqbXVTS/w=="
				}
			}
		},
		"chalk": {
			"version": "1.1.3",
			"resolved": "https://registry.npmjs.org/chalk/-/chalk-1.1.3.tgz",
			"integrity": "sha1-qBFcVeSnAv5NFQq9OHKCKn4J/Jg=",
			"requires": {
				"ansi-styles": "^2.2.1",
				"escape-string-regexp": "^1.0.2",
				"has-ansi": "^2.0.0",
				"strip-ansi": "^3.0.0",
				"supports-color": "^2.0.0"
			}
		},
		"clang-format": {
			"version": "1.0.48",
			"resolved": "https://registry.npmjs.org/clang-format/-/clang-format-1.0.48.tgz",
			"integrity": "sha1-RIhVJbhJO4ztfhxZtXOICNb/H3o=",
			"dev": true,
			"requires": {
				"async": "^1.5.2",
				"glob": "^7.0.0",
				"resolve": "^1.1.6"
			}
		},
		"concat-map": {
			"version": "0.0.1",
			"resolved": "https://registry.npmjs.org/concat-map/-/concat-map-0.0.1.tgz",
			"integrity": "sha1-2Klr13/Wjfd5OnMDajug1UBdR3s=",
			"dev": true
		},
		"core-js": {
			"version": "2.5.7",
			"resolved": "https://registry.npmjs.org/core-js/-/core-js-2.5.7.tgz",
			"integrity": "sha512-RszJCAxg/PP6uzXVXL6BsxSXx/B05oJAQ2vkJRjyjrEcNVycaqOmNb5OTxZPE3xa5gwZduqza6L9JOCenh/Ecw=="
		},
		"css-what": {
			"version": "2.1.0",
			"resolved": "https://registry.npmjs.org/css-what/-/css-what-2.1.0.tgz",
			"integrity": "sha1-lGfQMsOM+u+58teVASUwYvh/ob0="
		},
		"currently-unhandled": {
			"version": "0.4.1",
			"resolved": "https://registry.npmjs.org/currently-unhandled/-/currently-unhandled-0.4.1.tgz",
			"integrity": "sha1-mI3zP+qxke95mmE2nddsF635V+o=",
			"requires": {
				"array-find-index": "^1.0.1"
			}
		},
		"debug": {
			"version": "2.6.9",
			"resolved": "https://registry.npmjs.org/debug/-/debug-2.6.9.tgz",
			"integrity": "sha512-bC7ElrdJaJnPbAP+1EotYvqZsb3ecl5wi6Bfi6BJTUcNowp6cvspg0jXznRTKDjm/E7AdgFBVeAPVMNcKGsHMA==",
			"requires": {
				"ms": "2.0.0"
			}
		},
		"decamelize": {
			"version": "1.2.0",
			"resolved": "https://registry.npmjs.org/decamelize/-/decamelize-1.2.0.tgz",
			"integrity": "sha1-9lNNFRSCabIDUue+4m9QH5oZEpA="
		},
		"error-ex": {
			"version": "1.3.2",
			"resolved": "https://registry.npmjs.org/error-ex/-/error-ex-1.3.2.tgz",
			"integrity": "sha512-7dFHNmqeFSEt2ZBsCriorKnn3Z2pj+fd9kmI6QoWw4//DL+icEBfc0U7qJCisqrTsKTjw4fNFy2pW9OqStD84g==",
			"requires": {
				"is-arrayish": "^0.2.1"
			}
		},
		"escape-string-regexp": {
			"version": "1.0.5",
			"resolved": "https://registry.npmjs.org/escape-string-regexp/-/escape-string-regexp-1.0.5.tgz",
			"integrity": "sha1-G2HAViGQqN/2rjuyzwIAyhMLhtQ="
		},
		"esutils": {
			"version": "2.0.2",
			"resolved": "https://registry.npmjs.org/esutils/-/esutils-2.0.2.tgz",
			"integrity": "sha1-Cr9PHKpbyx96nYrMbepPqqBLrJs="
		},
		"fast-levenshtein": {
			"version": "2.0.6",
			"resolved": "https://registry.npmjs.org/fast-levenshtein/-/fast-levenshtein-2.0.6.tgz",
			"integrity": "sha1-PYpcZog6FqMMqGQ+hR8Zuqd5eRc="
		},
		"find-up": {
			"version": "1.1.2",
			"resolved": "https://registry.npmjs.org/find-up/-/find-up-1.1.2.tgz",
			"integrity": "sha1-ay6YIrGizgpgq2TWEOzK1TyyTQ8=",
			"requires": {
				"path-exists": "^2.0.0",
				"pinkie-promise": "^2.0.0"
			}
		},
		"fs.realpath": {
			"version": "1.0.0",
			"resolved": "https://registry.npmjs.org/fs.realpath/-/fs.realpath-1.0.0.tgz",
			"integrity": "sha1-FQStJSMVjKpA20onh8sBQRmU6k8=",
			"dev": true
		},
		"get-stdin": {
			"version": "4.0.1",
			"resolved": "https://registry.npmjs.org/get-stdin/-/get-stdin-4.0.1.tgz",
			"integrity": "sha1-uWjGsKBDhDJJAui/Gl3zJXmkUP4="
		},
		"glob": {
			"version": "7.1.2",
			"resolved": "https://registry.npmjs.org/glob/-/glob-7.1.2.tgz",
			"integrity": "sha512-MJTUg1kjuLeQCJ+ccE4Vpa6kKVXkPYJ2mOCQyUuKLcLQsdrMCpBPUi8qVE6+YuaJkozeA9NusTAw3hLr8Xe5EQ==",
			"dev": true,
			"requires": {
				"fs.realpath": "^1.0.0",
				"inflight": "^1.0.4",
				"inherits": "2",
				"minimatch": "^3.0.4",
				"once": "^1.3.0",
				"path-is-absolute": "^1.0.0"
			}
		},
		"globals": {
			"version": "9.18.0",
			"resolved": "https://registry.npmjs.org/globals/-/globals-9.18.0.tgz",
			"integrity": "sha512-S0nG3CLEQiY/ILxqtztTWH/3iRRdyBLw6KMDxnKMchrtbj2OFmehVh0WUCfW3DUrIgx/qFrJPICrq4Z4sTR9UQ=="
		},
		"graceful-fs": {
			"version": "4.1.11",
			"resolved": "https://registry.npmjs.org/graceful-fs/-/graceful-fs-4.1.11.tgz",
			"integrity": "sha1-Dovf5NHduIVNZOBOp8AOKgJuVlg="
		},
		"has-ansi": {
			"version": "2.0.0",
			"resolved": "https://registry.npmjs.org/has-ansi/-/has-ansi-2.0.0.tgz",
			"integrity": "sha1-NPUEnOHs3ysGSa8+8k5F7TVBbZE=",
			"requires": {
				"ansi-regex": "^2.0.0"
			}
		},
		"hosted-git-info": {
			"version": "2.7.1",
			"resolved": "https://registry.npmjs.org/hosted-git-info/-/hosted-git-info-2.7.1.tgz",
			"integrity": "sha512-7T/BxH19zbcCTa8XkMlbK5lTo1WtgkFi3GvdWEyNuc4Vex7/9Dqbnpsf4JMydcfj9HCg4zUWFTL3Za6lapg5/w=="
		},
		"indent-string": {
			"version": "2.1.0",
			"resolved": "https://registry.npmjs.org/indent-string/-/indent-string-2.1.0.tgz",
			"integrity": "sha1-ji1INIdCEhtKghi3oTfppSBJ3IA=",
			"requires": {
				"repeating": "^2.0.0"
			}
		},
		"inflight": {
			"version": "1.0.6",
			"resolved": "https://registry.npmjs.org/inflight/-/inflight-1.0.6.tgz",
			"integrity": "sha1-Sb1jMdfQLQwJvJEKEHW6gWW1bfk=",
			"dev": true,
			"requires": {
				"once": "^1.3.0",
				"wrappy": "1"
			}
		},
		"inherits": {
			"version": "2.0.3",
			"resolved": "https://registry.npmjs.org/inherits/-/inherits-2.0.3.tgz",
			"integrity": "sha1-Yzwsg+PaQqUC9SRmAiSA9CCCYd4=",
			"dev": true
		},
		"invariant": {
			"version": "2.2.4",
			"resolved": "https://registry.npmjs.org/invariant/-/invariant-2.2.4.tgz",
			"integrity": "sha512-phJfQVBuaJM5raOpJjSfkiD6BpbCE4Ns//LaXl6wGYtUBY83nWS6Rf9tXm2e8VaK60JEjYldbPif/A2B1C2gNA==",
			"requires": {
				"loose-envify": "^1.0.0"
			}
		},
		"is-arrayish": {
			"version": "0.2.1",
			"resolved": "https://registry.npmjs.org/is-arrayish/-/is-arrayish-0.2.1.tgz",
			"integrity": "sha1-d8mYQFJ6qOyxqLppe4BkWnqSap0="
		},
		"is-builtin-module": {
			"version": "1.0.0",
			"resolved": "https://registry.npmjs.org/is-builtin-module/-/is-builtin-module-1.0.0.tgz",
			"integrity": "sha1-VAVy0096wxGfj3bDDLwbHgN6/74=",
			"requires": {
				"builtin-modules": "^1.0.0"
			}
		},
		"is-finite": {
			"version": "1.0.2",
			"resolved": "https://registry.npmjs.org/is-finite/-/is-finite-1.0.2.tgz",
			"integrity": "sha1-zGZ3aVYCvlUO8R6LSqYwU0K20Ko=",
			"requires": {
				"number-is-nan": "^1.0.0"
			}
		},
		"is-potential-custom-element-name": {
			"version": "1.0.0",
			"resolved": "https://registry.npmjs.org/is-potential-custom-element-name/-/is-potential-custom-element-name-1.0.0.tgz",
			"integrity": "sha1-DFLlS8yjkbssSUsh6GJtczbG45c="
		},
		"is-utf8": {
			"version": "0.2.1",
			"resolved": "https://registry.npmjs.org/is-utf8/-/is-utf8-0.2.1.tgz",
			"integrity": "sha1-Sw2hRCEE0bM2NA6AeX6GXPOffXI="
		},
		"js-tokens": {
			"version": "3.0.2",
			"resolved": "https://registry.npmjs.org/js-tokens/-/js-tokens-3.0.2.tgz",
			"integrity": "sha1-mGbfOVECEw449/mWvOtlRDIJwls="
		},
		"knuth-shuffle": {
			"version": "1.0.8",
			"resolved": "https://registry.npmjs.org/knuth-shuffle/-/knuth-shuffle-1.0.8.tgz",
			"integrity": "sha512-IdC4Hpp+mx53zTt6VAGsAtbGM0g4BV9fP8tTcviCosSwocHcRDw9uG5Rnv6wLWckF4r72qeXFoK9NkvV1gUJCQ==",
			"dev": true
		},
		"load-json-file": {
			"version": "1.1.0",
			"resolved": "https://registry.npmjs.org/load-json-file/-/load-json-file-1.1.0.tgz",
			"integrity": "sha1-lWkFcI1YtLq0wiYbBPWfMcmTdMA=",
			"requires": {
				"graceful-fs": "^4.1.2",
				"parse-json": "^2.2.0",
				"pify": "^2.0.0",
				"pinkie-promise": "^2.0.0",
				"strip-bom": "^2.0.0"
			}
		},
		"lodash": {
			"version": "4.17.10",
			"resolved": "https://registry.npmjs.org/lodash/-/lodash-4.17.10.tgz",
			"integrity": "sha512-UejweD1pDoXu+AD825lWwp4ZGtSwgnpZxb3JDViD7StjQz+Nb/6l093lx4OQ0foGWNRoc19mWy7BzL+UAK2iVg=="
		},
		"log-symbols": {
			"version": "1.0.2",
			"resolved": "https://registry.npmjs.org/log-symbols/-/log-symbols-1.0.2.tgz",
			"integrity": "sha1-N2/3tY6jCGoPCfrMdGF+ylAeGhg=",
			"requires": {
				"chalk": "^1.0.0"
			}
		},
		"loose-envify": {
			"version": "1.4.0",
			"resolved": "https://registry.npmjs.org/loose-envify/-/loose-envify-1.4.0.tgz",
			"integrity": "sha512-lyuxPGr/Wfhrlem2CL/UcnUc1zcqKAImBDzukY7Y5F/yQiNdko6+fRLevlw1HgMySw7f611UIY408EtxRSoK3Q==",
			"requires": {
				"js-tokens": "^3.0.0 || ^4.0.0"
			}
		},
		"loud-rejection": {
			"version": "1.6.0",
			"resolved": "https://registry.npmjs.org/loud-rejection/-/loud-rejection-1.6.0.tgz",
			"integrity": "sha1-W0b4AUft7leIcPCG0Eghz5mOVR8=",
			"requires": {
				"currently-unhandled": "^0.4.1",
				"signal-exit": "^3.0.0"
			}
		},
		"map-obj": {
			"version": "1.0.1",
			"resolved": "https://registry.npmjs.org/map-obj/-/map-obj-1.0.1.tgz",
			"integrity": "sha1-2TPOuSBdgr3PSIb2dCvcK03qFG0="
		},
		"meow": {
			"version": "3.7.0",
			"resolved": "https://registry.npmjs.org/meow/-/meow-3.7.0.tgz",
			"integrity": "sha1-cstmi0JSKCkKu/qFaJJYcwioAfs=",
			"requires": {
				"camelcase-keys": "^2.0.0",
				"decamelize": "^1.1.2",
				"loud-rejection": "^1.0.0",
				"map-obj": "^1.0.1",
				"minimist": "^1.1.3",
				"normalize-package-data": "^2.3.4",
				"object-assign": "^4.0.1",
				"read-pkg-up": "^1.0.1",
				"redent": "^1.0.0",
				"trim-newlines": "^1.0.0"
			}
		},
		"minimatch": {
			"version": "3.0.4",
			"resolved": "https://registry.npmjs.org/minimatch/-/minimatch-3.0.4.tgz",
			"integrity": "sha512-yJHVQEhyqPLUTgt9B83PXu6W3rx4MvvHvSUvToogpwoGDOUQ+yDrR0HRot+yOCdCO7u4hX3pWft6kWBBcqh0UA==",
			"dev": true,
			"requires": {
				"brace-expansion": "^1.1.7"
			}
		},
		"minimist": {
			"version": "1.2.0",
			"resolved": "https://registry.npmjs.org/minimist/-/minimist-1.2.0.tgz",
			"integrity": "sha1-o1AIsg9BOD7sH7kU9M1d95omQoQ="
		},
		"ms": {
			"version": "2.0.0",
			"resolved": "https://registry.npmjs.org/ms/-/ms-2.0.0.tgz",
			"integrity": "sha1-VgiurfwAvmwpAd9fmGF4jeDVl8g="
		},
		"normalize-package-data": {
			"version": "2.4.0",
			"resolved": "https://registry.npmjs.org/normalize-package-data/-/normalize-package-data-2.4.0.tgz",
			"integrity": "sha512-9jjUFbTPfEy3R/ad/2oNbKtW9Hgovl5O1FvFWKkKblNXoN/Oou6+9+KKohPK13Yc3/TyunyWhJp6gvRNR/PPAw==",
			"requires": {
				"hosted-git-info": "^2.1.4",
				"is-builtin-module": "^1.0.0",
				"semver": "2 || 3 || 4 || 5",
				"validate-npm-package-license": "^3.0.1"
			}
		},
		"number-is-nan": {
			"version": "1.0.1",
			"resolved": "https://registry.npmjs.org/number-is-nan/-/number-is-nan-1.0.1.tgz",
			"integrity": "sha1-CXtgK1NCKlIsGvuHkDGDNpQaAR0="
		},
		"object-assign": {
			"version": "4.1.1",
			"resolved": "https://registry.npmjs.org/object-assign/-/object-assign-4.1.1.tgz",
			"integrity": "sha1-IQmtx5ZYh8/AXLvUQsrIv7s2CGM="
		},
		"once": {
			"version": "1.4.0",
			"resolved": "https://registry.npmjs.org/once/-/once-1.4.0.tgz",
			"integrity": "sha1-WDsap3WWHUsROsF9nFC6753Xa9E=",
			"dev": true,
			"requires": {
				"wrappy": "1"
			}
		},
		"parse-json": {
			"version": "2.2.0",
			"resolved": "https://registry.npmjs.org/parse-json/-/parse-json-2.2.0.tgz",
			"integrity": "sha1-9ID0BDTvgHQfhGkJn43qGPVaTck=",
			"requires": {
				"error-ex": "^1.2.0"
			}
		},
		"parse5": {
			"version": "4.0.0",
			"resolved": "https://registry.npmjs.org/parse5/-/parse5-4.0.0.tgz",
			"integrity": "sha512-VrZ7eOd3T1Fk4XWNXMgiGBK/z0MG48BWG2uQNU4I72fkQuKUTZpl+u9k+CxEG0twMVzSmXEEz12z5Fnw1jIQFA=="
		},
		"path-exists": {
			"version": "2.1.0",
			"resolved": "https://registry.npmjs.org/path-exists/-/path-exists-2.1.0.tgz",
			"integrity": "sha1-D+tsZPD8UY2adU3V77YscCJ2H0s=",
			"requires": {
				"pinkie-promise": "^2.0.0"
			}
		},
		"path-is-absolute": {
			"version": "1.0.1",
			"resolved": "https://registry.npmjs.org/path-is-absolute/-/path-is-absolute-1.0.1.tgz",
			"integrity": "sha1-F0uSaHNVNP+8es5r9TpanhtcX18=",
			"dev": true
		},
		"path-parse": {
			"version": "1.0.5",
			"resolved": "https://registry.npmjs.org/path-parse/-/path-parse-1.0.5.tgz",
			"integrity": "sha1-PBrfhx6pzWyUMbbqK9dKD/BVxME=",
			"dev": true
		},
		"path-type": {
			"version": "1.1.0",
			"resolved": "https://registry.npmjs.org/path-type/-/path-type-1.1.0.tgz",
			"integrity": "sha1-WcRPfuSR2nBNpBXaWkBwuk+P5EE=",
			"requires": {
				"graceful-fs": "^4.1.2",
				"pify": "^2.0.0",
				"pinkie-promise": "^2.0.0"
			}
		},
		"pify": {
			"version": "2.3.0",
			"resolved": "https://registry.npmjs.org/pify/-/pify-2.3.0.tgz",
			"integrity": "sha1-7RQaasBDqEnqWISY59yosVMw6Qw="
		},
		"pinkie": {
			"version": "2.0.4",
			"resolved": "https://registry.npmjs.org/pinkie/-/pinkie-2.0.4.tgz",
			"integrity": "sha1-clVrgM+g1IqXToDnckjoDtT3+HA="
		},
		"pinkie-promise": {
			"version": "2.0.1",
			"resolved": "https://registry.npmjs.org/pinkie-promise/-/pinkie-promise-2.0.1.tgz",
			"integrity": "sha1-ITXW36ejWMBprJsXh3YogihFD/o=",
			"requires": {
				"pinkie": "^2.0.0"
			}
		},
		"read-pkg": {
			"version": "1.1.0",
			"resolved": "https://registry.npmjs.org/read-pkg/-/read-pkg-1.1.0.tgz",
			"integrity": "sha1-9f+qXs0pyzHAR0vKfXVra7KePyg=",
			"requires": {
				"load-json-file": "^1.0.0",
				"normalize-package-data": "^2.3.2",
				"path-type": "^1.0.0"
			}
		},
		"read-pkg-up": {
			"version": "1.0.1",
			"resolved": "https://registry.npmjs.org/read-pkg-up/-/read-pkg-up-1.0.1.tgz",
			"integrity": "sha1-nWPBMnbAZZGNV/ACpX9AobZD+wI=",
			"requires": {
				"find-up": "^1.0.0",
				"read-pkg": "^1.0.0"
			}
		},
		"redent": {
			"version": "1.0.0",
			"resolved": "https://registry.npmjs.org/redent/-/redent-1.0.0.tgz",
			"integrity": "sha1-z5Fqsf1fHxbfsggi3W7H9zDCr94=",
			"requires": {
				"indent-string": "^2.1.0",
				"strip-indent": "^1.0.1"
			},
			"dependencies": {
				"strip-indent": {
					"version": "1.0.1",
					"resolved": "https://registry.npmjs.org/strip-indent/-/strip-indent-1.0.1.tgz",
					"integrity": "sha1-DHlipq3vp7vUrDZkYKY4VSrhoKI=",
					"requires": {
						"get-stdin": "^4.0.1"
					}
				}
			}
		},
		"regenerator-runtime": {
			"version": "0.11.1",
			"resolved": "https://registry.npmjs.org/regenerator-runtime/-/regenerator-runtime-0.11.1.tgz",
			"integrity": "sha512-MguG95oij0fC3QV3URf4V2SDYGJhJnJGqvIIgdECeODCT98wSWDAJ94SSuVpYQUoTcGUIL6L4yNB7j1DFFHSBg=="
		},
		"repeating": {
			"version": "2.0.1",
			"resolved": "https://registry.npmjs.org/repeating/-/repeating-2.0.1.tgz",
			"integrity": "sha1-UhTFOpJtNVJwdSf7q0FdvAjQbdo=",
			"requires": {
				"is-finite": "^1.0.0"
			}
		},
		"resolve": {
			"version": "1.8.1",
			"resolved": "https://registry.npmjs.org/resolve/-/resolve-1.8.1.tgz",
			"integrity": "sha512-AicPrAC7Qu1JxPCZ9ZgCZlY35QgFnNqc+0LtbRNxnVw4TXvjQ72wnuL9JQcEBgXkI9JM8MsT9kaQoHcpCRJOYA==",
			"dev": true,
			"requires": {
				"path-parse": "^1.0.5"
			}
		},
		"semver": {
			"version": "5.5.0",
			"resolved": "https://registry.npmjs.org/semver/-/semver-5.5.0.tgz",
			"integrity": "sha512-4SJ3dm0WAwWy/NVeioZh5AntkdJoWKxHxcmyP622fOkgHa4z3R0TdBJICINyaSDE6uNwVc8gZr+ZinwZAH4xIA=="
		},
		"shady-css-parser": {
			"version": "0.1.0",
			"resolved": "https://registry.npmjs.org/shady-css-parser/-/shady-css-parser-0.1.0.tgz",
			"integrity": "sha512-irfJUUkEuDlNHKZNAp2r7zOyMlmbfVJ+kWSfjlCYYUx/7dJnANLCyTzQZsuxy5NJkvtNwSxY5Gj8MOlqXUQPyA=="
		},
		"signal-exit": {
			"version": "3.0.2",
			"resolved": "https://registry.npmjs.org/signal-exit/-/signal-exit-3.0.2.tgz",
			"integrity": "sha1-tf3AjxKH6hF4Yo5BXiUTK3NkbG0="
		},
		"source-map": {
			"version": "0.5.7",
			"resolved": "https://registry.npmjs.org/source-map/-/source-map-0.5.7.tgz",
			"integrity": "sha1-igOdLRAh0i0eoUyA2OpGi6LvP8w=",
			"dev": true
		},
		"source-map-support": {
			"version": "0.4.18",
			"resolved": "https://registry.npmjs.org/source-map-support/-/source-map-support-0.4.18.tgz",
			"integrity": "sha512-try0/JqxPLF9nOjvSta7tVondkP5dwgyLDjVoyMDlmjugT2lRZ1OfsrYTkCd2hkDnJTKRbO/Rl3orm8vlsUzbA==",
			"dev": true,
			"requires": {
				"source-map": "^0.5.6"
			}
		},
		"spdx-correct": {
			"version": "3.0.0",
			"resolved": "https://registry.npmjs.org/spdx-correct/-/spdx-correct-3.0.0.tgz",
			"integrity": "sha512-N19o9z5cEyc8yQQPukRCZ9EUmb4HUpnrmaL/fxS2pBo2jbfcFRVuFZ/oFC+vZz0MNNk0h80iMn5/S6qGZOL5+g==",
			"requires": {
				"spdx-expression-parse": "^3.0.0",
				"spdx-license-ids": "^3.0.0"
			}
		},
		"spdx-exceptions": {
			"version": "2.1.0",
			"resolved": "https://registry.npmjs.org/spdx-exceptions/-/spdx-exceptions-2.1.0.tgz",
			"integrity": "sha512-4K1NsmrlCU1JJgUrtgEeTVyfx8VaYea9J9LvARxhbHtVtohPs/gFGG5yy49beySjlIMhhXZ4QqujIZEfS4l6Cg=="
		},
		"spdx-expression-parse": {
			"version": "3.0.0",
			"resolved": "https://registry.npmjs.org/spdx-expression-parse/-/spdx-expression-parse-3.0.0.tgz",
			"integrity": "sha512-Yg6D3XpRD4kkOmTpdgbUiEJFKghJH03fiC1OPll5h/0sO6neh2jqRDVHOQ4o/LMea0tgCkbMgea5ip/e+MkWyg==",
			"requires": {
				"spdx-exceptions": "^2.1.0",
				"spdx-license-ids": "^3.0.0"
			}
		},
		"spdx-license-ids": {
			"version": "3.0.0",
			"resolved": "https://registry.npmjs.org/spdx-license-ids/-/spdx-license-ids-3.0.0.tgz",
			"integrity": "sha512-2+EPwgbnmOIl8HjGBXXMd9NAu02vLjOO1nWw4kmeRDFyHn+M/ETfHxQUK0oXg8ctgVnl9t3rosNVsZ1jG61nDA=="
		},
		"stable": {
			"version": "0.1.8",
			"resolved": "https://registry.npmjs.org/stable/-/stable-0.1.8.tgz",
			"integrity": "sha512-ji9qxRnOVfcuLDySj9qzhGSEFVobyt1kIOSkj1qZzYLzq7Tos/oUUWvotUPQLlrsidqsK6tBH89Bc9kL5zHA6w=="
		},
		"strip-ansi": {
			"version": "3.0.1",
			"resolved": "https://registry.npmjs.org/strip-ansi/-/strip-ansi-3.0.1.tgz",
			"integrity": "sha1-ajhfuIU9lS1f8F0Oiq+UJ43GPc8=",
			"requires": {
				"ansi-regex": "^2.0.0"
			}
		},
		"strip-bom": {
			"version": "2.0.0",
			"resolved": "https://registry.npmjs.org/strip-bom/-/strip-bom-2.0.0.tgz",
			"integrity": "sha1-YhmoVhZSBJHzV4i9vxRHqZx+aw4=",
			"requires": {
				"is-utf8": "^0.2.0"
			}
		},
		"strip-indent": {
			"version": "2.0.0",
			"resolved": "https://registry.npmjs.org/strip-indent/-/strip-indent-2.0.0.tgz",
			"integrity": "sha1-XvjbKV0B5u1sv3qrlpmNeCJSe2g="
		},
		"supports-color": {
			"version": "2.0.0",
			"resolved": "https://registry.npmjs.org/supports-color/-/supports-color-2.0.0.tgz",
			"integrity": "sha1-U10EXOa2Nj+kARcIRimZXp3zJMc="
		},
		"to-fast-properties": {
			"version": "1.0.3",
			"resolved": "https://registry.npmjs.org/to-fast-properties/-/to-fast-properties-1.0.3.tgz",
			"integrity": "sha1-uDVx+k2MJbguIxsG46MFXeTKGkc="
		},
		"trim-newlines": {
			"version": "1.0.0",
			"resolved": "https://registry.npmjs.org/trim-newlines/-/trim-newlines-1.0.0.tgz",
			"integrity": "sha1-WIeWa7WCpFA6QetST301ARgVphM="
		},
		"tsc-then": {
			"version": "1.1.0",
			"resolved": "https://registry.npmjs.org/tsc-then/-/tsc-then-1.1.0.tgz",
			"integrity": "sha512-830G8SK8tewOxfKVBC5YWqZ2C7wS1D4dh9267ebLxR7Gvh3UuI6aKU5Hxo+L3Kkcy6CuxZp4PMGl066DZ3Hlmw==",
			"dev": true,
			"requires": {
				"@types/node": "^8.0.53",
				"semver": "^5.4.1"
			}
		},
		"validate-element-name": {
			"version": "2.1.1",
			"resolved": "https://registry.npmjs.org/validate-element-name/-/validate-element-name-2.1.1.tgz",
			"integrity": "sha1-j/dffaafc+fFEFiDYhMFCLesZE4=",
			"requires": {
				"is-potential-custom-element-name": "^1.0.0",
				"log-symbols": "^1.0.0",
				"meow": "^3.7.0"
			}
		},
		"validate-npm-package-license": {
			"version": "3.0.3",
			"resolved": "https://registry.npmjs.org/validate-npm-package-license/-/validate-npm-package-license-3.0.3.tgz",
			"integrity": "sha512-63ZOUnL4SIXj4L0NixR3L1lcjO38crAbgrTpl28t8jjrfuiOBL5Iygm+60qPs/KsZGzPNg6Smnc/oY16QTjF0g==",
			"requires": {
				"spdx-correct": "^3.0.0",
				"spdx-expression-parse": "^3.0.0"
			}
		},
		"wrappy": {
			"version": "1.0.2",
			"resolved": "https://registry.npmjs.org/wrappy/-/wrappy-1.0.2.tgz",
			"integrity": "sha1-tSQ9jz7BqjXxNkYFvA0QNuMKtp8=",
			"dev": true
		}
	}
}
