{
	"name": "wct-mocha",
	"version": "1.0.0",
	"lockfileVersion": 1,
	"requires": true,
	"dependencies": {
		"@types/node": {
			"version": "10.12.8",
			"resolved": "https://registry.npmjs.org/@types/node/-/node-10.12.8.tgz",
			"integrity": "sha512-INamyRZG4rW3lDCUmwVd5Xho/bXvQm/v1yP8V0UN1RuInU7RoWoaO570b+yLX4Ia/0szsx1wa8VzcsVlsvbWLA==",
			"dev": true
		},
		"@types/socket.io": {
			"version": "1.4.39",
			"resolved": "https://registry.npmjs.org/@types/socket.io/-/socket.io-1.4.39.tgz",
			"integrity": "sha512-uMOtC3QsoApFQxu5ow1zVu40Y0SIb0E6NuybqhIjsAbfhV05EANXZfklM3yp+DmFAeUtRdaEz3x6vWqLhjsy/A==",
			"dev": true,
			"requires": {
				"@types/node": "*"
			}
		}
	}
}
