{
	"name": "wct-mocha",
	"version": "1.0.0",
	"lockfileVersion": 1,
	"requires": true,
	"dependencies": {
		"@types/node": {
			"version": "10.12.20",
			"resolved": "https://registry.npmjs.org/@types/node/-/node-10.12.20.tgz",
			"integrity": "sha512-9spv6SklidqxevvZyOUGjZVz4QRXGu2dNaLyXIFzFYZW0AGDykzPRIUFJXTlQXyfzAucddwTcGtJNim8zqSOPA==",
			"dev": true
		},
		"@types/socket.io": {
			"version": "1.4.40",
			"resolved": "https://registry.npmjs.org/@types/socket.io/-/socket.io-1.4.40.tgz",
			"integrity": "sha512-B9luG4IRhql12JGoYeTlCTlizRAtaWmxu9dSyY+AOWO2pEMFFajZnzqF65GH8GVFsyJzfmXqnfdvPlS+mAM/Xw==",
			"dev": true,
			"requires": {
				"@types/node": "*"
			}
		}
	}
}
