{
	"name": "wct-mocha",
	"version": "1.0.0",
	"lockfileVersion": 1,
	"requires": true,
	"dependencies": {
		"@types/node": {
			"version": "11.12.0",
			"resolved": "https://registry.npmjs.org/@types/node/-/node-11.12.0.tgz",
			"integrity": "sha512-Lg00egj78gM+4aE0Erw05cuDbvX9sLJbaaPwwRtdCdAMnIudqrQZ0oZX98Ek0yiSK/A2nubHgJfvII/rTT2Dwg==",
			"dev": true
		},
		"@types/socket.io": {
			"version": "1.4.40",
			"resolved": "https://registry.npmjs.org/@types/socket.io/-/socket.io-1.4.40.tgz",
			"integrity": "sha512-B9luG4IRhql12JGoYeTlCTlizRAtaWmxu9dSyY+AOWO2pEMFFajZnzqF65GH8GVFsyJzfmXqnfdvPlS+mAM/Xw==",
			"dev": true,
			"requires": {
				"@types/node": "*"
			}
		}
	}
}
