{
	"name": "polymer-workspaces",
	"version": "2.2.0",
	"lockfileVersion": 1,
	"requires": true,
	"dependencies": {
		"@octokit/rest": {
			"version": "14.0.9",
			"resolved": "https://registry.npmjs.org/@octokit/rest/-/rest-14.0.9.tgz",
			"integrity": "sha512-irP9phKfTXEZIcW2R+VNCtGHZJrXMWmSYp6RRfFn4BtAqtDRXF5z9JxCEQlAhNBf6X1koNi5k49tIAAAEJNlVQ==",
			"requires": {
				"before-after-hook": "^1.1.0",
				"debug": "^3.1.0",
				"is-array-buffer": "^1.0.0",
				"is-stream": "^1.1.0",
				"lodash": "^4.17.4",
				"url-template": "^2.0.8"
			}
		},
		"@types/events": {
			"version": "3.0.0",
			"resolved": "https://registry.npmjs.org/@types/events/-/events-3.0.0.tgz",
			"integrity": "sha512-EaObqwIvayI5a8dCzhFrjKzVwKLxjoG9T6Ppd5CEo07LRKfQ8Yokw54r5+Wq7FaBQ+yXRvQAYPrHwya1/UFt9g=="
		},
		"@types/glob": {
			"version": "7.1.1",
			"resolved": "https://registry.npmjs.org/@types/glob/-/glob-7.1.1.tgz",
			"integrity": "sha512-1Bh06cbWJUHMC97acuD6UMG29nMt0Aqz1vF3guLfG+kHHJhy3AyohZFFxYk2f7Q1SQIrNwvncxAE0N/9s70F2w==",
			"requires": {
				"@types/events": "*",
				"@types/minimatch": "*",
				"@types/node": "*"
			}
		},
		"@types/minimatch": {
			"version": "3.0.3",
			"resolved": "https://registry.npmjs.org/@types/minimatch/-/minimatch-3.0.3.tgz",
			"integrity": "sha512-tHq6qdbT9U1IRSGf14CL0pUlULksvY9OZ+5eEgl1N7t+OA3tGvNpxJCzuKQlsNgCVwbAs670L1vcVQi8j9HjnA=="
		},
		"@types/nock": {
			"version": "8.2.1",
			"resolved": "https://registry.npmjs.org/@types/nock/-/nock-8.2.1.tgz",
			"integrity": "sha1-H75b3suUPBCad4VT+k0kAcuTlLQ=",
			"dev": true,
			"requires": {
				"@types/node": "*"
			}
		},
		"@types/node": {
			"version": "13.13.4",
			"resolved": "https://registry.npmjs.org/@types/node/-/node-13.13.4.tgz",
			"integrity": "sha512-x26ur3dSXgv5AwKS0lNfbjpCakGIduWU1DU91Zz58ONRWrIKGunmZBNv4P7N+e27sJkiGDsw/3fT4AtsqQBrBA=="
		},
		"@types/rimraf": {
			"version": "2.0.4",
			"resolved": "https://registry.npmjs.org/@types/rimraf/-/rimraf-2.0.4.tgz",
			"integrity": "sha512-8gBudvllD2A/c0CcEX/BivIDorHFt5UI5m46TsNj8DjWCCTTZT74kEe4g+QsY7P/B9WdO98d82zZgXO/RQzu2Q==",
			"requires": {
				"@types/glob": "*",
				"@types/node": "*"
			}
		},
		"assertion-error": {
			"version": "1.1.0",
			"resolved": "https://registry.npmjs.org/assertion-error/-/assertion-error-1.1.0.tgz",
			"integrity": "sha512-jgsaNduz+ndvGyFt3uSuWqvy4lCnIJiovtouQN5JZHOKCS2QuhEdbcQHFhVksz2N2U9hXJo8odG7ETyWlEeuDw==",
			"dev": true
		},
		"balanced-match": {
			"version": "1.0.0",
			"resolved": "https://registry.npmjs.org/balanced-match/-/balanced-match-1.0.0.tgz",
			"integrity": "sha1-ibTRmasr7kneFk6gK4nORi1xt2c="
		},
		"before-after-hook": {
			"version": "1.4.0",
			"resolved": "https://registry.npmjs.org/before-after-hook/-/before-after-hook-1.4.0.tgz",
			"integrity": "sha512-l5r9ir56nda3qu14nAXIlyq1MmUSs0meCIaFAh8HwkFwP1F8eToOuS3ah2VAHHcY04jaYD7FpJC5JTXHYRbkzg=="
		},
		"bottleneck": {
			"version": "1.16.0",
			"resolved": "https://registry.npmjs.org/bottleneck/-/bottleneck-1.16.0.tgz",
			"integrity": "sha1-1s4TgIUnr8gLaQkvFWBmVeWyHxo="
		},
		"brace-expansion": {
			"version": "1.1.11",
			"resolved": "https://registry.npmjs.org/brace-expansion/-/brace-expansion-1.1.11.tgz",
			"integrity": "sha512-iCuPHDFgrHX7H2vEI/5xpz07zSHB00TpugqhmYtVmMO6518mCuRMoOYFldEBl0g187ufozdaHgWKcYFb61qGiA==",
			"requires": {
				"balanced-match": "^1.0.0",
				"concat-map": "0.0.1"
			}
		},
		"chai": {
			"version": "4.2.0",
			"resolved": "https://registry.npmjs.org/chai/-/chai-4.2.0.tgz",
			"integrity": "sha512-XQU3bhBukrOsQCuwZndwGcCVQHyZi53fQ6Ys1Fym7E4olpIqqZZhhoFJoaKVvV17lWQoXYwgWN2nF5crA8J2jw==",
			"dev": true,
			"requires": {
				"assertion-error": "^1.1.0",
				"check-error": "^1.0.2",
				"deep-eql": "^3.0.1",
				"get-func-name": "^2.0.0",
				"pathval": "^1.1.0",
				"type-detect": "^4.0.5"
			}
		},
		"check-error": {
			"version": "1.0.2",
			"resolved": "https://registry.npmjs.org/check-error/-/check-error-1.0.2.tgz",
			"integrity": "sha1-V00xLt2Iu13YkS6Sht1sCu1KrII=",
			"dev": true
		},
		"concat-map": {
			"version": "0.0.1",
			"resolved": "https://registry.npmjs.org/concat-map/-/concat-map-0.0.1.tgz",
			"integrity": "sha1-2Klr13/Wjfd5OnMDajug1UBdR3s="
		},
		"debug": {
			"version": "3.2.6",
			"resolved": "https://registry.npmjs.org/debug/-/debug-3.2.6.tgz",
			"integrity": "sha512-mel+jf7nrtEl5Pn1Qx46zARXKDpBbvzezse7p7LqINmdoIk8PYP5SySaxEmYv6TZ0JyEKA1hsCId6DIhgITtWQ==",
			"requires": {
				"ms": "^2.1.1"
			}
		},
		"deep-eql": {
			"version": "3.0.1",
			"resolved": "https://registry.npmjs.org/deep-eql/-/deep-eql-3.0.1.tgz",
			"integrity": "sha512-+QeIQyN5ZuO+3Uk5DYh6/1eKO0m0YmJFGNmFHGACpf1ClL1nmlV/p4gNgbl2pJGxgXb4faqo6UE+M5ACEMyVcw==",
			"dev": true,
			"requires": {
				"type-detect": "^4.0.0"
			}
		},
		"deep-equal": {
			"version": "1.1.1",
			"resolved": "https://registry.npmjs.org/deep-equal/-/deep-equal-1.1.1.tgz",
			"integrity": "sha512-yd9c5AdiqVcR+JjcwUQb9DkhJc8ngNr0MahEBGvDiJw8puWab2yZlh+nkasOnZP+EGTAP6rRp2JzJhJZzvNF8g==",
			"dev": true,
			"requires": {
				"is-arguments": "^1.0.4",
				"is-date-object": "^1.0.1",
				"is-regex": "^1.0.4",
				"object-is": "^1.0.1",
				"object-keys": "^1.1.1",
				"regexp.prototype.flags": "^1.2.0"
			}
		},
		"define-properties": {
			"version": "1.1.3",
			"resolved": "https://registry.npmjs.org/define-properties/-/define-properties-1.1.3.tgz",
			"integrity": "sha512-3MqfYKj2lLzdMSf8ZIZE/V+Zuy+BgD6f164e8K2w7dgnpKArBDerGYpM46IYYcjnkdPNMjPk9A6VFB8+3SKlXQ==",
			"dev": true,
			"requires": {
				"object-keys": "^1.0.12"
			}
		},
		"es-abstract": {
			"version": "1.17.5",
			"resolved": "https://registry.npmjs.org/es-abstract/-/es-abstract-1.17.5.tgz",
			"integrity": "sha512-BR9auzDbySxOcfog0tLECW8l28eRGpDpU3Dm3Hp4q/N+VtLTmyj4EUN088XZWQDW/hzj6sYRDXeOFsaAODKvpg==",
			"dev": true,
			"requires": {
				"es-to-primitive": "^1.2.1",
				"function-bind": "^1.1.1",
				"has": "^1.0.3",
				"has-symbols": "^1.0.1",
				"is-callable": "^1.1.5",
				"is-regex": "^1.0.5",
				"object-inspect": "^1.7.0",
				"object-keys": "^1.1.1",
				"object.assign": "^4.1.0",
				"string.prototype.trimleft": "^2.1.1",
				"string.prototype.trimright": "^2.1.1"
			}
		},
		"es-to-primitive": {
			"version": "1.2.1",
			"resolved": "https://registry.npmjs.org/es-to-primitive/-/es-to-primitive-1.2.1.tgz",
			"integrity": "sha512-QCOllgZJtaUo9miYBcLChTUaHNjJF3PYs1VidD7AwiEj1kYxKeQTctLAezAOH5ZKRH0g2IgPn6KwB4IT8iRpvA==",
			"dev": true,
			"requires": {
				"is-callable": "^1.1.4",
				"is-date-object": "^1.0.1",
				"is-symbol": "^1.0.2"
			}
		},
		"fs.realpath": {
			"version": "1.0.0",
			"resolved": "https://registry.npmjs.org/fs.realpath/-/fs.realpath-1.0.0.tgz",
			"integrity": "sha1-FQStJSMVjKpA20onh8sBQRmU6k8="
		},
		"function-bind": {
			"version": "1.1.1",
			"resolved": "https://registry.npmjs.org/function-bind/-/function-bind-1.1.1.tgz",
			"integrity": "sha512-yIovAzMX49sF8Yl58fSCWJ5svSLuaibPxXQJFLmBObTuCr0Mf1KiPopGM9NiFjiYBCbfaa2Fh6breQ6ANVTI0A==",
			"dev": true
		},
		"get-func-name": {
			"version": "2.0.0",
			"resolved": "https://registry.npmjs.org/get-func-name/-/get-func-name-2.0.0.tgz",
			"integrity": "sha1-6td0q+5y4gQJQzoGY2YCPdaIekE=",
			"dev": true
		},
		"glob": {
			"version": "7.1.6",
			"resolved": "https://registry.npmjs.org/glob/-/glob-7.1.6.tgz",
			"integrity": "sha512-LwaxwyZ72Lk7vZINtNNrywX0ZuLyStrdDtabefZKAY5ZGJhVtgdznluResxNmPitE0SAO+O26sWTHeKSI2wMBA==",
			"requires": {
				"fs.realpath": "^1.0.0",
				"inflight": "^1.0.4",
				"inherits": "2",
				"minimatch": "^3.0.4",
				"once": "^1.3.0",
				"path-is-absolute": "^1.0.0"
			}
		},
		"has": {
			"version": "1.0.3",
			"resolved": "https://registry.npmjs.org/has/-/has-1.0.3.tgz",
			"integrity": "sha512-f2dvO0VU6Oej7RkWJGrehjbzMAjFp5/VKPp5tTpWIV4JHHZK1/BxbFRtf/siA2SWTe09caDmVtYYzWEIbBS4zw==",
			"dev": true,
			"requires": {
				"function-bind": "^1.1.1"
			}
		},
		"has-symbols": {
			"version": "1.0.1",
			"resolved": "https://registry.npmjs.org/has-symbols/-/has-symbols-1.0.1.tgz",
			"integrity": "sha512-PLcsoqu++dmEIZB+6totNFKq/7Do+Z0u4oT0zKOJNl3lYK6vGwwu2hjHs+68OEZbTjiUE9bgOABXbP/GvrS0Kg==",
			"dev": true
		},
		"inflight": {
			"version": "1.0.6",
			"resolved": "https://registry.npmjs.org/inflight/-/inflight-1.0.6.tgz",
			"integrity": "sha1-Sb1jMdfQLQwJvJEKEHW6gWW1bfk=",
			"requires": {
				"once": "^1.3.0",
				"wrappy": "1"
			}
		},
		"inherits": {
			"version": "2.0.4",
			"resolved": "https://registry.npmjs.org/inherits/-/inherits-2.0.4.tgz",
			"integrity": "sha512-k/vGaX4/Yla3WzyMCvTQOXYeIHvqOKtnqBduzTHpzpQZzAskKMhZ2K+EnBiSM9zGSoIFeMpXKxa4dYeZIQqewQ=="
		},
		"is-arguments": {
			"version": "1.0.4",
			"resolved": "https://registry.npmjs.org/is-arguments/-/is-arguments-1.0.4.tgz",
			"integrity": "sha512-xPh0Rmt8NE65sNzvyUmWgI1tz3mKq74lGA0mL8LYZcoIzKOzDh6HmrYm3d18k60nHerC8A9Km8kYu87zfSFnLA==",
			"dev": true
		},
		"is-array-buffer": {
			"version": "1.0.1",
			"resolved": "https://registry.npmjs.org/is-array-buffer/-/is-array-buffer-1.0.1.tgz",
			"integrity": "sha512-lj035IqdAwsodoRGs9/8+Kn3HPoz9CTuZbcw63afugWonxigvUVeHY5d6Ve1O+s1N3RCk7txo2TIWQLbU0SuNA=="
		},
		"is-callable": {
			"version": "1.1.5",
			"resolved": "https://registry.npmjs.org/is-callable/-/is-callable-1.1.5.tgz",
			"integrity": "sha512-ESKv5sMCJB2jnHTWZ3O5itG+O128Hsus4K4Qh1h2/cgn2vbgnLSVqfV46AeJA9D5EeeLa9w81KUXMtn34zhX+Q==",
			"dev": true
		},
		"is-date-object": {
			"version": "1.0.2",
			"resolved": "https://registry.npmjs.org/is-date-object/-/is-date-object-1.0.2.tgz",
			"integrity": "sha512-USlDT524woQ08aoZFzh3/Z6ch9Y/EWXEHQ/AaRN0SkKq4t2Jw2R2339tSXmwuVoY7LLlBCbOIlx2myP/L5zk0g==",
			"dev": true
		},
		"is-regex": {
			"version": "1.0.5",
			"resolved": "https://registry.npmjs.org/is-regex/-/is-regex-1.0.5.tgz",
			"integrity": "sha512-vlKW17SNq44owv5AQR3Cq0bQPEb8+kF3UKZ2fiZNOWtztYE5i0CzCZxFDwO58qAOWtxdBRVO/V5Qin1wjCqFYQ==",
			"dev": true,
			"requires": {
				"has": "^1.0.3"
			}
		},
		"is-stream": {
			"version": "1.1.0",
			"resolved": "https://registry.npmjs.org/is-stream/-/is-stream-1.1.0.tgz",
			"integrity": "sha1-EtSj3U5o4Lec6428hBc66A2RykQ="
		},
		"is-symbol": {
			"version": "1.0.3",
			"resolved": "https://registry.npmjs.org/is-symbol/-/is-symbol-1.0.3.tgz",
			"integrity": "sha512-OwijhaRSgqvhm/0ZdAcXNZt9lYdKFpcRDT5ULUuYXPoT794UNOdU+gpT6Rzo7b4V2HUl/op6GqY894AZwv9faQ==",
			"dev": true,
			"requires": {
				"has-symbols": "^1.0.1"
			}
		},
		"json-stringify-safe": {
			"version": "5.0.1",
			"resolved": "https://registry.npmjs.org/json-stringify-safe/-/json-stringify-safe-5.0.1.tgz",
			"integrity": "sha1-Epai1Y/UXxmg9s4B1lcB4sc1tus=",
			"dev": true
		},
		"lodash": {
			"version": "4.17.15",
			"resolved": "https://registry.npmjs.org/lodash/-/lodash-4.17.15.tgz",
			"integrity": "sha512-8xOcRHvCjnocdS5cpwXQXVzmmh5e5+saE2QGoeQmbKmRS6J3VQppPOIt0MnmE+4xlZoumy0GPG0D0MVIQbNA1A=="
		},
		"minimatch": {
			"version": "3.0.4",
			"resolved": "https://registry.npmjs.org/minimatch/-/minimatch-3.0.4.tgz",
			"integrity": "sha512-yJHVQEhyqPLUTgt9B83PXu6W3rx4MvvHvSUvToogpwoGDOUQ+yDrR0HRot+yOCdCO7u4hX3pWft6kWBBcqh0UA==",
			"requires": {
				"brace-expansion": "^1.1.7"
			}
		},
		"minimist": {
			"version": "1.2.5",
			"resolved": "https://registry.npmjs.org/minimist/-/minimist-1.2.5.tgz",
			"integrity": "sha512-FM9nNUYrRBAELZQT3xeZQ7fmMOBg6nWNmJKTcgsJeaLstP/UODVpGsr5OhXhhXg6f+qtJ8uiZ+PUxkDWcgIXLw==",
			"dev": true
		},
		"mkdirp": {
			"version": "0.5.5",
			"resolved": "https://registry.npmjs.org/mkdirp/-/mkdirp-0.5.5.tgz",
			"integrity": "sha512-NKmAlESf6jMGym1++R0Ra7wvhV+wFW63FaSOFPwRahvea0gMUcGUhVeAg/0BC0wiv9ih5NYPB1Wn1UEI1/L+xQ==",
			"dev": true,
			"requires": {
				"minimist": "^1.2.5"
			}
		},
		"ms": {
			"version": "2.1.2",
			"resolved": "https://registry.npmjs.org/ms/-/ms-2.1.2.tgz",
			"integrity": "sha512-sGkPx+VjMtmA6MX27oA4FBFELFCZZ4S4XqeGOXCv68tT+jb3vk/RyaKWP0PTKyWtmLSM0b+adUTEvbs1PEaH2w=="
		},
		"nock": {
			"version": "9.6.1",
			"resolved": "https://registry.npmjs.org/nock/-/nock-9.6.1.tgz",
			"integrity": "sha512-EDgl/WgNQ0C1BZZlASOQkQdE6tAWXJi8QQlugqzN64JJkvZ7ILijZuG24r4vCC7yOfnm6HKpne5AGExLGCeBWg==",
			"dev": true,
			"requires": {
				"chai": "^4.1.2",
				"debug": "^3.1.0",
				"deep-equal": "^1.0.0",
				"json-stringify-safe": "^5.0.1",
				"lodash": "^4.17.5",
				"mkdirp": "^0.5.0",
				"propagate": "^1.0.0",
				"qs": "^6.5.1",
				"semver": "^5.5.0"
			}
		},
		"object-inspect": {
			"version": "1.7.0",
			"resolved": "https://registry.npmjs.org/object-inspect/-/object-inspect-1.7.0.tgz",
			"integrity": "sha512-a7pEHdh1xKIAgTySUGgLMx/xwDZskN1Ud6egYYN3EdRW4ZMPNEDUTF+hwy2LUC+Bl+SyLXANnwz/jyh/qutKUw==",
			"dev": true
		},
		"object-is": {
			"version": "1.1.2",
			"resolved": "https://registry.npmjs.org/object-is/-/object-is-1.1.2.tgz",
			"integrity": "sha512-5lHCz+0uufF6wZ7CRFWJN3hp8Jqblpgve06U5CMQ3f//6iDjPr2PEo9MWCjEssDsa+UZEL4PkFpr+BMop6aKzQ==",
			"dev": true,
			"requires": {
				"define-properties": "^1.1.3",
				"es-abstract": "^1.17.5"
			}
		},
		"object-keys": {
			"version": "1.1.1",
			"resolved": "https://registry.npmjs.org/object-keys/-/object-keys-1.1.1.tgz",
			"integrity": "sha512-NuAESUOUMrlIXOfHKzD6bpPu3tYt3xvjNdRIQ+FeT0lNb4K8WR70CaDxhuNguS2XG+GjkyMwOzsN5ZktImfhLA==",
			"dev": true
		},
		"object.assign": {
			"version": "4.1.0",
			"resolved": "https://registry.npmjs.org/object.assign/-/object.assign-4.1.0.tgz",
			"integrity": "sha512-exHJeq6kBKj58mqGyTQ9DFvrZC/eR6OwxzoM9YRoGBqrXYonaFyGiFMuc9VZrXf7DarreEwMpurG3dd+CNyW5w==",
			"dev": true,
			"requires": {
				"define-properties": "^1.1.2",
				"function-bind": "^1.1.1",
				"has-symbols": "^1.0.0",
				"object-keys": "^1.0.11"
			}
		},
		"once": {
			"version": "1.4.0",
			"resolved": "https://registry.npmjs.org/once/-/once-1.4.0.tgz",
			"integrity": "sha1-WDsap3WWHUsROsF9nFC6753Xa9E=",
			"requires": {
				"wrappy": "1"
			}
		},
		"path-is-absolute": {
			"version": "1.0.1",
			"resolved": "https://registry.npmjs.org/path-is-absolute/-/path-is-absolute-1.0.1.tgz",
			"integrity": "sha1-F0uSaHNVNP+8es5r9TpanhtcX18="
		},
		"pathval": {
			"version": "1.1.0",
			"resolved": "https://registry.npmjs.org/pathval/-/pathval-1.1.0.tgz",
			"integrity": "sha1-uULm1L3mUwBe9rcTYd74cn0GReA=",
			"dev": true
		},
		"propagate": {
			"version": "1.0.0",
			"resolved": "https://registry.npmjs.org/propagate/-/propagate-1.0.0.tgz",
			"integrity": "sha1-AMLa7t2iDofjeCs0Stuhzd1q1wk=",
			"dev": true
		},
		"qs": {
			"version": "6.9.3",
			"resolved": "https://registry.npmjs.org/qs/-/qs-6.9.3.tgz",
			"integrity": "sha512-EbZYNarm6138UKKq46tdx08Yo/q9ZhFoAXAI1meAFd2GtbRDhbZY2WQSICskT0c5q99aFzLG1D4nvTk9tqfXIw==",
			"dev": true
		},
		"regexp.prototype.flags": {
			"version": "1.3.0",
			"resolved": "https://registry.npmjs.org/regexp.prototype.flags/-/regexp.prototype.flags-1.3.0.tgz",
			"integrity": "sha512-2+Q0C5g951OlYlJz6yu5/M33IcsESLlLfsyIaLJaG4FA2r4yP8MvVMJUUP/fVBkSpbbbZlS5gynbEWLipiiXiQ==",
			"dev": true,
			"requires": {
				"define-properties": "^1.1.3",
				"es-abstract": "^1.17.0-next.1"
			}
		},
		"rimraf": {
			"version": "2.7.1",
			"resolved": "https://registry.npmjs.org/rimraf/-/rimraf-2.7.1.tgz",
			"integrity": "sha512-uWjbaKIK3T1OSVptzX7Nl6PvQ3qAGtKEtVRjRuazjfL3Bx5eI409VZSqgND+4UNnmzLVdPj9FqFJNPqBZFve4w==",
			"requires": {
				"glob": "^7.1.3"
			}
		},
		"semver": {
			"version": "5.7.1",
			"resolved": "https://registry.npmjs.org/semver/-/semver-5.7.1.tgz",
			"integrity": "sha512-sauaDf/PZdVgrLTNYHRtpXa1iRiKcaebiKQ1BJdpQlWH2lCvexQdX55snPFyK7QzpudqbCI0qXFfOasHdyNDGQ==",
			"dev": true
		},
		"string.prototype.trimend": {
			"version": "1.0.1",
			"resolved": "https://registry.npmjs.org/string.prototype.trimend/-/string.prototype.trimend-1.0.1.tgz",
			"integrity": "sha512-LRPxFUaTtpqYsTeNKaFOw3R4bxIzWOnbQ837QfBylo8jIxtcbK/A/sMV7Q+OAV/vWo+7s25pOE10KYSjaSO06g==",
			"dev": true,
			"requires": {
				"define-properties": "^1.1.3",
				"es-abstract": "^1.17.5"
			}
		},
		"string.prototype.trimleft": {
			"version": "2.1.2",
			"resolved": "https://registry.npmjs.org/string.prototype.trimleft/-/string.prototype.trimleft-2.1.2.tgz",
			"integrity": "sha512-gCA0tza1JBvqr3bfAIFJGqfdRTyPae82+KTnm3coDXkZN9wnuW3HjGgN386D7hfv5CHQYCI022/rJPVlqXyHSw==",
			"dev": true,
			"requires": {
				"define-properties": "^1.1.3",
				"es-abstract": "^1.17.5",
				"string.prototype.trimstart": "^1.0.0"
			}
		},
		"string.prototype.trimright": {
			"version": "2.1.2",
			"resolved": "https://registry.npmjs.org/string.prototype.trimright/-/string.prototype.trimright-2.1.2.tgz",
			"integrity": "sha512-ZNRQ7sY3KroTaYjRS6EbNiiHrOkjihL9aQE/8gfQ4DtAC/aEBRHFJa44OmoWxGGqXuJlfKkZW4WcXErGr+9ZFg==",
			"dev": true,
			"requires": {
				"define-properties": "^1.1.3",
				"es-abstract": "^1.17.5",
				"string.prototype.trimend": "^1.0.0"
			}
		},
		"string.prototype.trimstart": {
			"version": "1.0.1",
			"resolved": "https://registry.npmjs.org/string.prototype.trimstart/-/string.prototype.trimstart-1.0.1.tgz",
			"integrity": "sha512-XxZn+QpvrBI1FOcg6dIpxUPgWCPuNXvMD72aaRaUQv1eD4e/Qy8i/hFTe0BUmD60p/QA6bh1avmuPTfNjqVWRw==",
			"dev": true,
			"requires": {
				"define-properties": "^1.1.3",
				"es-abstract": "^1.17.5"
			}
		},
		"type-detect": {
			"version": "4.0.8",
			"resolved": "https://registry.npmjs.org/type-detect/-/type-detect-4.0.8.tgz",
			"integrity": "sha512-0fr/mIH1dlO+x7TlcMy+bIDqKPsw/70tVyeHW787goQjhmqaZe10uwLujubK9q9Lg6Fiho1KUKDYz0Z7k7g5/g==",
			"dev": true
		},
		"url-template": {
			"version": "2.0.8",
			"resolved": "https://registry.npmjs.org/url-template/-/url-template-2.0.8.tgz",
			"integrity": "sha1-/FZaPMy/93MMd19WQflVV5FDnyE="
		},
		"wrappy": {
			"version": "1.0.2",
			"resolved": "https://registry.npmjs.org/wrappy/-/wrappy-1.0.2.tgz",
			"integrity": "sha1-tSQ9jz7BqjXxNkYFvA0QNuMKtp8="
		}
	}
}
